{
  "version": 4,
  "terraform_version": "1.11.3",
  "serial": 437,
  "lineage": "a6cc2105-5823-9282-de0f-f42468fac000",
  "outputs": {
    "private-ssh-key": {
      "value": "-----BEGIN OPENSSH PRIVATE KEY-----\nb3BlbnNzaC1rZXktdjEAAAAABG5vbmUAAAAEbm9uZQAAAAAAAAABAAACFwAAAAdz\nc2gtcnNhAAAAAwEAAQAAAgEA1jAcAG+uBmUGdSSw/3MSbC1PWoAqM+aS94Omiuai\nq4PziT2uqQ3Ge+8bSAppIBJmeMZ9nzdxAZYen6Up6CXam1BLDbbWxjWrG7kzWhLF\nixNzjdRMI7HFNFpfU1AwAIFsHcYmgIbS88qmwk5urGucpxws/NVFw4hS9gedr8DM\nzLRjial4BdCgeyPMYQ+11McCjbi+jnK4o5l6GwtfabhYvQ1Rd4HRPW1SE77NY2bx\ntqm0PG1stg4SeAszYiICUFxfbSTd/4ywZwYj0v1xr9AqlvNssH79QggnKL3F7R0Y\n2svEbCzLaWp30V8m1Q0JJ0CILuFb6jJNgvO324CDYd3XPBPXkGH9AW4qBk2DOv6+\nO6BQt6S8BsQiQL+ZEG0xYk6pXF5e3NoxPWy3MyXtp2bGIWtKvVk4UhwZxlnO/LSY\n2/3SUPutvmdvVX/d6RtznVVCozX0gUzJyjylB+qM9gk87bfp6s2XxoO2QObTTTJl\nAjJqJda2ohkoN6pAlKXZ46yQsBAYlvMLJCwa5cMesH6skleKV9lPL6g5FCb+VHlY\n2yNsjZLDjeHsQ00vISY4oorp9SYiSNFiTfB+bjEYJwXq23QBNkB5hmY1Qw3ymkOc\n4QEW7GQP4MftjeKeP2OLir0eaxoPu/FCtxCXYx9+AGXkfuzoGTS2KyzCQWivENfU\nIkMAAAc4zNWD1czVg9UAAAAHc3NoLXJzYQAAAgEA1jAcAG+uBmUGdSSw/3MSbC1P\nWoAqM+aS94Omiuaiq4PziT2uqQ3Ge+8bSAppIBJmeMZ9nzdxAZYen6Up6CXam1BL\nDbbWxjWrG7kzWhLFixNzjdRMI7HFNFpfU1AwAIFsHcYmgIbS88qmwk5urGucpxws\n/NVFw4hS9gedr8DMzLRjial4BdCgeyPMYQ+11McCjbi+jnK4o5l6GwtfabhYvQ1R\nd4HRPW1SE77NY2bxtqm0PG1stg4SeAszYiICUFxfbSTd/4ywZwYj0v1xr9AqlvNs\nsH79QggnKL3F7R0Y2svEbCzLaWp30V8m1Q0JJ0CILuFb6jJNgvO324CDYd3XPBPX\nkGH9AW4qBk2DOv6+O6BQt6S8BsQiQL+ZEG0xYk6pXF5e3NoxPWy3MyXtp2bGIWtK\nvVk4UhwZxlnO/LSY2/3SUPutvmdvVX/d6RtznVVCozX0gUzJyjylB+qM9gk87bfp\n6s2XxoO2QObTTTJlAjJqJda2ohkoN6pAlKXZ46yQsBAYlvMLJCwa5cMesH6skleK\nV9lPL6g5FCb+VHlY2yNsjZLDjeHsQ00vISY4oorp9SYiSNFiTfB+bjEYJwXq23QB\nNkB5hmY1Qw3ymkOc4QEW7GQP4MftjeKeP2OLir0eaxoPu/FCtxCXYx9+AGXkfuzo\nGTS2KyzCQWivENfUIkMAAAADAQABAAACAQCds0xasd+iy61GgN5lJteQmIfNrYHl\nNsZMwTzVFlz9BalBCg5YYFEcnP8sOqYOPB4AnLyPhuWIcnxXtOa3C2/6XNL15QIb\nbBZw0hpSHnIeJRM2gPIScegt1MBM+kRtit0MywE8LoiRgUro05C/GHh9vcwN2AWG\now/aH99lMQJZUhPbntBFD8epAsGPUV7irChgKn77KNJzeiQiV2xHzbhgcbbi0804\neg4thZV5s6kSgb63oyWgoZnNkwmhHkMv4eNM3BEr/+093ZJw3bRf61gATnhfNxDH\nFnOmlpttKrhLGC6mKxEVq5NOr81Knk93/BaI1dq0A5d4bHOZhPS3EPxP4a5sQqzK\n1Cxv9mTBsgAJTxU7hOnmU8loyenpvqmO40i20xg4oDkBEjXWf6X1ZCJ0lQ1krRiE\nrUrd+EByZta+MVYS2ypp1c8OVNXt2sNmuYbYDv5ZWufWNsKh1+qkD2/crCnvuHH7\n6ek+he25SnUtCiLrPLfzj1hvQqQ7iRD8Z/Pvpe5QVJ89pUN+COYLPjwtUsnSCOFA\n2muLY7qwhcg7skPlBaBDpAQsfMPplnIu3EsiFvNyQAp2axC3DcTQQ0x0MEkiePgt\nSu/Qg8lEvkVm44sngwIWrX6cJcPh1yoHGGqAPeGglZUHFjIBzFn4IKGjP1bsw7rW\no/Q+oBneXQNyGQAAAQEAsMGG0WFOPpXKLn6Ll6hp51NCzKdFCSFqGgVe3cLVr+bx\n3+B1a95CqJucnQFgXV94TXR513fIuqigjUOqYQ7foqvbzGrm9knlvPag4NeKn3qf\n/tfRP6c0bRbS06l2TmMSZ7SPsjez/EFbGsgor6v6lPKwwsy6pWufl2AJQ/cYT1Nz\nSbowJ07JS74fOIDLtYLFkZhmEAOQiVsIPNTyeeZRdYj5fWflkaxlRq9Pl3M0QYdE\nkUPh6RzHmfWZ6911kj6iNLJE67zarQ/tIaaFatFl//ztPjEqhLqEiRUDZr+QbQw+\nH5d7vg8TJ3sDGgTe69ri7U9TkdMwqZ35w88lU1CofgAAAQEA76yGDrFe2WwOt6u9\nJwDegHi2xIGX4vgWBeINqnLUhoPvKIMw+carGuFL8QKajRySWW+bnFUvsqHFKEM4\nsNVfE8xyI+ExgyNc/KQ/Wag6iTsvoptdhNIPGjguyn9Y6Q8jmHf2pMyXFVM1cs7B\nx6uKZDmFtc5jb6UbaxO7+fDPtaHe1CpNm/p0KL9hhUEWu9aC3/7XNblG0qbNVrNB\nZO1ZbRuNUmKRxnRmJOPCs3o/b9KM1Fphw6hbVmwlIa2DKWPKbetUtZHJzFitxu3D\nmpOZ78GVFcZeYdxNl5ijhOd3/npUzrMuV/xk+zYsTO83Gud0I54PxcSYwhAZHsse\nOQMDVwAAAQEA5McoDQPTANkhQSzDqaXoNvIeWgxFEyytt/c32pMQE8VjYsdGEyin\n9Ync4pu1S5R+JJbhMKusXPt7HvQn7eDSOAFRRJWODW9nkgqw5lC2a6zeqlLXJ4F6\nnjX8x5l3/5EyF47hFaM30HH4xEq/1/WmQ00HSb83hQGEppcTKWEzHNvxZAH9PtqP\njVwq5FDdRTq0o6R0X+SRfmLaWWZGGVg5dKjJk66na+dmvI+7aDFKCRGyZzeO7G0T\nYt+n1oyL6ZMz3ZJrqXtfhz/1/bnzTnI/sYtwiYuBKNIXtdWyuvPPwbm8HJcQRjB5\nkfh1rF2aXR4+aFvz2QAFlN/NPG2WeNeQ9QAAAAAB\n-----END OPENSSH PRIVATE KEY-----\n",
      "type": "string",
      "sensitive": true
    },
    "private_ec2_ip": {
      "value": "13.0.21.191",
      "type": "string"
    },
    "public_ec2_ip": {
      "value": "3.70.98.21",
      "type": "string"
    },
    "vpc_id": {
      "value": "vpc-08aae0772f83321fc",
      "type": "string"
    }
  },
  "resources": [
    {
      "mode": "data",
      "type": "aws_ami",
      "name": "amazon-linux",
      "provider": "provider[\"registry.terraform.io/hashicorp/aws\"]",
      "instances": [
        {
          "schema_version": 0,
          "attributes": {
            "architecture": "x86_64",
            "arn": "arn:aws:ec2:eu-central-1::image/ami-09f81c921aea79ede",
            "block_device_mappings": [
              {
                "device_name": "/dev/xvda",
                "ebs": {
                  "delete_on_termination": "true",
                  "encrypted": "false",
                  "iops": "3000",
                  "snapshot_id": "snap-02feb0391db71ba05",
                  "throughput": "125",
                  "volume_size": "30",
                  "volume_type": "gp3"
                },
                "no_device": "",
                "virtual_name": ""
              }
            ],
            "boot_mode": "uefi-preferred",
            "creation_date": "2025-05-06T01:48:03.000Z",
            "deprecation_time": "2027-05-06T01:48:03.000Z",
            "description": "Amazon Linux AMI 2023.0.20250505 x86_64 ECS HVM EBS",
            "ena_support": true,
            "executable_users": null,
            "filter": [
              {
                "name": "name",
                "values": [
                  "al2023-ami-*-x86_64"
                ]
              },
              {
                "name": "root-device-type",
                "values": [
                  "ebs"
                ]
              },
              {
                "name": "virtualization-type",
                "values": [
                  "hvm"
                ]
              }
            ],
            "hypervisor": "xen",
            "id": "ami-09f81c921aea79ede",
            "image_id": "ami-09f81c921aea79ede",
            "image_location": "amazon/al2023-ami-ecs-neuron-hvm-2023.0.20250505-kernel-6.1-x86_64",
            "image_owner_alias": "amazon",
            "image_type": "machine",
            "imds_support": "v2.0",
            "include_deprecated": false,
            "kernel_id": "",
            "last_launched_time": "",
            "most_recent": true,
            "name": "al2023-ami-ecs-neuron-hvm-2023.0.20250505-kernel-6.1-x86_64",
            "name_regex": null,
            "owner_id": "591542846629",
            "owners": [
              "amazon"
            ],
            "platform": "",
            "platform_details": "Linux/UNIX",
            "product_codes": [],
            "public": true,
            "ramdisk_id": "",
            "root_device_name": "/dev/xvda",
            "root_device_type": "ebs",
            "root_snapshot_id": "snap-02feb0391db71ba05",
            "sriov_net_support": "simple",
            "state": "available",
            "state_reason": {
              "code": "UNSET",
              "message": "UNSET"
            },
            "tags": {},
            "timeouts": null,
            "tpm_support": "",
            "uefi_data": null,
            "usage_operation": "RunInstances",
            "virtualization_type": "hvm"
          },
          "sensitive_attributes": []
        }
      ]
    },
    {
      "mode": "managed",
      "type": "aws_instance",
      "name": "hw-instance-private",
      "provider": "provider[\"registry.terraform.io/hashicorp/aws\"]",
      "instances": [
        {
          "schema_version": 1,
          "attributes": {
            "ami": "ami-09f81c921aea79ede",
            "arn": "arn:aws:ec2:eu-central-1:708426825474:instance/i-03f4ff4b474ab7dcf",
            "associate_public_ip_address": false,
            "availability_zone": "eu-central-1a",
            "capacity_reservation_specification": [
              {
                "capacity_reservation_preference": "open",
                "capacity_reservation_target": []
              }
            ],
            "cpu_core_count": 1,
            "cpu_options": [
              {
                "amd_sev_snp": "",
                "core_count": 1,
                "threads_per_core": 2
              }
            ],
            "cpu_threads_per_core": 2,
            "credit_specification": [
              {
                "cpu_credits": "unlimited"
              }
            ],
            "disable_api_stop": false,
            "disable_api_termination": false,
            "ebs_block_device": [],
            "ebs_optimized": false,
            "enable_primary_ipv6": null,
            "enclave_options": [
              {
                "enabled": false
              }
            ],
            "ephemeral_block_device": [],
            "get_password_data": false,
            "hibernation": false,
            "host_id": "",
            "host_resource_group_arn": null,
            "iam_instance_profile": "",
            "id": "i-03f4ff4b474ab7dcf",
            "instance_initiated_shutdown_behavior": "stop",
            "instance_lifecycle": "",
            "instance_market_options": [],
            "instance_state": "running",
            "instance_type": "t3.medium",
            "ipv6_address_count": 0,
            "ipv6_addresses": [],
            "key_name": "Ioann-sp3-keys",
            "launch_template": [],
            "maintenance_options": [
              {
                "auto_recovery": "default"
              }
            ],
            "metadata_options": [
              {
                "http_endpoint": "enabled",
                "http_protocol_ipv6": "disabled",
                "http_put_response_hop_limit": 2,
                "http_tokens": "required",
                "instance_metadata_tags": "disabled"
              }
            ],
            "monitoring": false,
            "network_interface": [],
            "outpost_arn": "",
            "password_data": "",
            "placement_group": "",
            "placement_partition_number": 0,
            "primary_network_interface_id": "eni-02e955e94b0a8867c",
            "private_dns": "ip-13-0-21-191.eu-central-1.compute.internal",
            "private_dns_name_options": [
              {
                "enable_resource_name_dns_a_record": false,
                "enable_resource_name_dns_aaaa_record": false,
                "hostname_type": "ip-name"
              }
            ],
            "private_ip": "13.0.21.191",
            "public_dns": "",
            "public_ip": "",
            "root_block_device": [
              {
                "delete_on_termination": true,
                "device_name": "/dev/xvda",
                "encrypted": false,
                "iops": 100,
                "kms_key_id": "",
                "tags": null,
                "tags_all": {},
                "throughput": 0,
                "volume_id": "vol-05ae84fbf55791a01",
                "volume_size": 30,
                "volume_type": "gp2"
              }
            ],
            "secondary_private_ips": [],
            "security_groups": [],
            "source_dest_check": true,
            "spot_instance_request_id": "",
            "subnet_id": "subnet-0c6a9ca7ccfbf5364",
            "tags": {
              "Name": "ioann Jenkins Slave",
              "Owner": "Ioann",
              "Role": "jenkins-slave"
            },
            "tags_all": {
              "Name": "ioann Jenkins Slave",
              "Owner": "Ioann",
              "Role": "jenkins-slave"
            },
            "tenancy": "default",
            "timeouts": null,
            "user_data": null,
            "user_data_base64": null,
            "user_data_replace_on_change": false,
            "volume_tags": null,
            "vpc_security_group_ids": [
              "sg-018b912f38c0888c8"
            ]
          },
          "sensitive_attributes": [],
          "private": "eyJlMmJmYjczMC1lY2FhLTExZTYtOGY4OC0zNDM2M2JjN2M0YzAiOnsiY3JlYXRlIjo2MDAwMDAwMDAwMDAsImRlbGV0ZSI6MTIwMDAwMDAwMDAwMCwicmVhZCI6OTAwMDAwMDAwMDAwLCJ1cGRhdGUiOjYwMDAwMDAwMDAwMH0sInNjaGVtYV92ZXJzaW9uIjoiMSJ9",
          "dependencies": [
            "aws_key_pair.ssh-key",
            "aws_security_group.ec2-sg",
            "data.aws_ami.amazon-linux",
            "module.vpc.aws_subnet.main-private",
            "module.vpc.aws_vpc.main",
            "tls_private_key.ssh"
          ]
        }
      ]
    },
    {
      "mode": "managed",
      "type": "aws_instance",
      "name": "hw-instance-public",
      "provider": "provider[\"registry.terraform.io/hashicorp/aws\"]",
      "instances": [
        {
          "schema_version": 1,
          "attributes": {
            "ami": "ami-09f81c921aea79ede",
            "arn": "arn:aws:ec2:eu-central-1:708426825474:instance/i-0712e047d1de263d7",
            "associate_public_ip_address": true,
            "availability_zone": "eu-central-1a",
            "capacity_reservation_specification": [
              {
                "capacity_reservation_preference": "open",
                "capacity_reservation_target": []
              }
            ],
            "cpu_core_count": 1,
            "cpu_options": [
              {
                "amd_sev_snp": "",
                "core_count": 1,
                "threads_per_core": 2
              }
            ],
            "cpu_threads_per_core": 2,
            "credit_specification": [
              {
                "cpu_credits": "unlimited"
              }
            ],
            "disable_api_stop": false,
            "disable_api_termination": false,
            "ebs_block_device": [],
            "ebs_optimized": false,
            "enable_primary_ipv6": null,
            "enclave_options": [
              {
                "enabled": false
              }
            ],
            "ephemeral_block_device": [],
            "get_password_data": false,
            "hibernation": false,
            "host_id": "",
            "host_resource_group_arn": null,
            "iam_instance_profile": "",
            "id": "i-0712e047d1de263d7",
            "instance_initiated_shutdown_behavior": "stop",
            "instance_lifecycle": "",
            "instance_market_options": [],
            "instance_state": "running",
            "instance_type": "t3.medium",
            "ipv6_address_count": 0,
            "ipv6_addresses": [],
            "key_name": "Ioann-sp3-keys",
            "launch_template": [],
            "maintenance_options": [
              {
                "auto_recovery": "default"
              }
            ],
            "metadata_options": [
              {
                "http_endpoint": "enabled",
                "http_protocol_ipv6": "disabled",
                "http_put_response_hop_limit": 2,
                "http_tokens": "required",
                "instance_metadata_tags": "disabled"
              }
            ],
            "monitoring": false,
            "network_interface": [],
            "outpost_arn": "",
            "password_data": "",
            "placement_group": "",
            "placement_partition_number": 0,
            "primary_network_interface_id": "eni-0bdf68c7183bdfd0a",
            "private_dns": "ip-13-0-20-248.eu-central-1.compute.internal",
            "private_dns_name_options": [
              {
                "enable_resource_name_dns_a_record": false,
                "enable_resource_name_dns_aaaa_record": false,
                "hostname_type": "ip-name"
              }
            ],
            "private_ip": "13.0.20.248",
            "public_dns": "",
            "public_ip": "3.70.98.21",
            "root_block_device": [
              {
                "delete_on_termination": true,
                "device_name": "/dev/xvda",
                "encrypted": false,
                "iops": 100,
                "kms_key_id": "",
                "tags": null,
                "tags_all": {},
                "throughput": 0,
                "volume_id": "vol-0c064d3a64fb65d0f",
                "volume_size": 30,
                "volume_type": "gp2"
              }
            ],
            "secondary_private_ips": [],
            "security_groups": [],
            "source_dest_check": true,
            "spot_instance_request_id": "",
            "subnet_id": "subnet-00b0568fb1a28152e",
            "tags": {
              "Name": "ioann Jenkins Master",
              "Owner": "Ioann",
              "Role": "jenkins-master"
            },
            "tags_all": {
              "Name": "ioann Jenkins Master",
              "Owner": "Ioann",
              "Role": "jenkins-master"
            },
            "tenancy": "default",
            "timeouts": null,
            "user_data": null,
            "user_data_base64": null,
            "user_data_replace_on_change": false,
            "volume_tags": null,
            "vpc_security_group_ids": [
              "sg-018b912f38c0888c8"
            ]
          },
          "sensitive_attributes": [],
          "private": "eyJlMmJmYjczMC1lY2FhLTExZTYtOGY4OC0zNDM2M2JjN2M0YzAiOnsiY3JlYXRlIjo2MDAwMDAwMDAwMDAsImRlbGV0ZSI6MTIwMDAwMDAwMDAwMCwicmVhZCI6OTAwMDAwMDAwMDAwLCJ1cGRhdGUiOjYwMDAwMDAwMDAwMH0sInNjaGVtYV92ZXJzaW9uIjoiMSJ9",
          "dependencies": [
            "aws_key_pair.ssh-key",
            "aws_security_group.ec2-sg",
            "data.aws_ami.amazon-linux",
            "module.vpc.aws_subnet.main-public",
            "module.vpc.aws_vpc.main",
            "tls_private_key.ssh"
          ]
        }
      ]
    },
    {
      "mode": "managed",
      "type": "aws_key_pair",
      "name": "ssh-key",
      "provider": "provider[\"registry.terraform.io/hashicorp/aws\"]",
      "instances": [
        {
          "schema_version": 1,
          "attributes": {
            "arn": "arn:aws:ec2:eu-central-1:708426825474:key-pair/Ioann-sp3-keys",
            "fingerprint": "03:50:7a:9b:be:43:80:97:5f:d3:66:8d:9d:9d:74:91",
            "id": "Ioann-sp3-keys",
            "key_name": "Ioann-sp3-keys",
            "key_name_prefix": "",
            "key_pair_id": "key-0187631ec54c8d99f",
            "key_type": "rsa",
            "public_key": "ssh-rsa AAAAB3NzaC1yc2EAAAADAQABAAACAQDWMBwAb64GZQZ1JLD/cxJsLU9agCoz5pL3g6aK5qKrg/OJPa6pDcZ77xtICmkgEmZ4xn2fN3EBlh6fpSnoJdqbUEsNttbGNasbuTNaEsWLE3ON1EwjscU0Wl9TUDAAgWwdxiaAhtLzyqbCTm6sa5ynHCz81UXDiFL2B52vwMzMtGOJqXgF0KB7I8xhD7XUxwKNuL6OcrijmXobC19puFi9DVF3gdE9bVITvs1jZvG2qbQ8bWy2DhJ4CzNiIgJQXF9tJN3/jLBnBiPS/XGv0CqW82ywfv1CCCcovcXtHRjay8RsLMtpanfRXybVDQknQIgu4VvqMk2C87fbgINh3dc8E9eQYf0BbioGTYM6/r47oFC3pLwGxCJAv5kQbTFiTqlcXl7c2jE9bLczJe2nZsYha0q9WThSHBnGWc78tJjb/dJQ+62+Z29Vf93pG3OdVUKjNfSBTMnKPKUH6oz2CTztt+nqzZfGg7ZA5tNNMmUCMmol1raiGSg3qkCUpdnjrJCwEBiW8wskLBrlwx6wfqySV4pX2U8vqDkUJv5UeVjbI2yNksON4exDTS8hJjiiiun1JiJI0WJN8H5uMRgnBerbdAE2QHmGZjVDDfKaQ5zhARbsZA/gx+2N4p4/Y4uKvR5rGg+78UK3EJdjH34AZeR+7OgZNLYrLMJBaK8Q19QiQw==",
            "tags": null,
            "tags_all": {}
          },
          "sensitive_attributes": [],
          "private": "eyJzY2hlbWFfdmVyc2lvbiI6IjEifQ==",
          "dependencies": [
            "tls_private_key.ssh"
          ]
        }
      ]
    },
    {
      "mode": "managed",
      "type": "aws_s3_bucket",
      "name": "terraform_state",
      "provider": "provider[\"registry.terraform.io/hashicorp/aws\"]",
      "instances": [
        {
          "schema_version": 0,
          "attributes": {
            "acceleration_status": "",
            "acl": null,
            "arn": "arn:aws:s3:::ioann-jenkins-terraform-state",
            "bucket": "ioann-jenkins-terraform-state",
            "bucket_domain_name": "ioann-jenkins-terraform-state.s3.amazonaws.com",
            "bucket_prefix": "",
            "bucket_regional_domain_name": "ioann-jenkins-terraform-state.s3.eu-central-1.amazonaws.com",
            "cors_rule": [],
            "force_destroy": false,
            "grant": [
              {
                "id": "36ccdf4a8fa3de16437bbb7448782cdd3ae57e296025ade9e0b079b0f4c9fef3",
                "permissions": [
                  "FULL_CONTROL"
                ],
                "type": "CanonicalUser",
                "uri": ""
              }
            ],
            "hosted_zone_id": "Z21DNDUVLTQW6Q",
            "id": "ioann-jenkins-terraform-state",
            "lifecycle_rule": [],
            "logging": [],
            "object_lock_configuration": [],
            "object_lock_enabled": false,
            "policy": "",
            "region": "eu-central-1",
            "replication_configuration": [],
            "request_payer": "BucketOwner",
            "server_side_encryption_configuration": [
              {
                "rule": [
                  {
                    "apply_server_side_encryption_by_default": [
                      {
                        "kms_master_key_id": "",
                        "sse_algorithm": "AES256"
                      }
                    ],
                    "bucket_key_enabled": false
                  }
                ]
              }
            ],
            "tags": null,
            "tags_all": {},
            "timeouts": null,
            "versioning": [
              {
                "enabled": false,
                "mfa_delete": false
              }
            ],
            "website": [],
            "website_domain": null,
            "website_endpoint": null
          },
          "sensitive_attributes": [],
          "private": "eyJlMmJmYjczMC1lY2FhLTExZTYtOGY4OC0zNDM2M2JjN2M0YzAiOnsiY3JlYXRlIjoxMjAwMDAwMDAwMDAwLCJkZWxldGUiOjM2MDAwMDAwMDAwMDAsInJlYWQiOjEyMDAwMDAwMDAwMDAsInVwZGF0ZSI6MTIwMDAwMDAwMDAwMH19"
        }
      ]
    },
    {
      "mode": "managed",
      "type": "aws_s3_bucket_ownership_controls",
      "name": "terraform_state",
      "provider": "provider[\"registry.terraform.io/hashicorp/aws\"]",
      "instances": [
        {
          "schema_version": 0,
          "attributes": {
            "bucket": "ioann-jenkins-terraform-state",
            "id": "ioann-jenkins-terraform-state",
            "rule": [
              {
                "object_ownership": "BucketOwnerPreferred"
              }
            ]
          },
          "sensitive_attributes": [],
          "private": "bnVsbA==",
          "dependencies": [
            "aws_s3_bucket.terraform_state"
          ]
        }
      ]
    },
    {
      "mode": "managed",
      "type": "aws_s3_bucket_policy",
      "name": "terraform_state_policy",
      "provider": "provider[\"registry.terraform.io/hashicorp/aws\"]",
      "instances": [
        {
          "schema_version": 0,
          "attributes": {
            "bucket": "ioann-jenkins-terraform-state",
            "id": "ioann-jenkins-terraform-state",
            "policy": "{\"Statement\":[{\"Action\":\"s3:*\",\"Effect\":\"Allow\",\"Principal\":{\"AWS\":\"arn:aws:iam::708426825474:root\"},\"Resource\":[\"arn:aws:s3:::ioann-jenkins-terraform-state\",\"arn:aws:s3:::ioann-jenkins-terraform-state/*\"],\"Sid\":\"AllowAccountAccess\"}],\"Version\":\"2012-10-17\"}"
          },
          "sensitive_attributes": [],
          "private": "bnVsbA==",
          "dependencies": [
            "aws_s3_bucket.terraform_state"
          ]
        }
      ]
    },
    {
      "mode": "managed",
      "type": "aws_s3_bucket_server_side_encryption_configuration",
      "name": "terraform_state",
      "provider": "provider[\"registry.terraform.io/hashicorp/aws\"]",
      "instances": [
        {
          "schema_version": 0,
          "attributes": {
            "bucket": "ioann-jenkins-terraform-state",
            "expected_bucket_owner": "",
            "id": "ioann-jenkins-terraform-state",
            "rule": [
              {
                "apply_server_side_encryption_by_default": [
                  {
                    "kms_master_key_id": "",
                    "sse_algorithm": "AES256"
                  }
                ],
                "bucket_key_enabled": null
              }
            ]
          },
          "sensitive_attributes": [],
          "private": "bnVsbA==",
          "dependencies": [
            "aws_s3_bucket.terraform_state"
          ]
        }
      ]
    },
    {
      "mode": "managed",
      "type": "aws_s3_bucket_versioning",
      "name": "terraform_state",
      "provider": "provider[\"registry.terraform.io/hashicorp/aws\"]",
      "instances": [
        {
          "schema_version": 0,
          "attributes": {
            "bucket": "ioann-jenkins-terraform-state",
            "expected_bucket_owner": "",
            "id": "ioann-jenkins-terraform-state",
            "mfa": null,
            "versioning_configuration": [
              {
                "mfa_delete": "",
                "status": "Enabled"
              }
            ]
          },
          "sensitive_attributes": [],
          "private": "bnVsbA==",
          "dependencies": [
            "aws_s3_bucket.terraform_state"
          ]
        }
      ]
    },
    {
      "mode": "managed",
      "type": "aws_security_group",
      "name": "ec2-sg",
      "provider": "provider[\"registry.terraform.io/hashicorp/aws\"]",
      "instances": [
        {
          "schema_version": 1,
          "attributes": {
            "arn": "arn:aws:ec2:eu-central-1:708426825474:security-group/sg-018b912f38c0888c8",
            "description": "Managed by Terraform",
            "egress": [
              {
                "cidr_blocks": [
                  "0.0.0.0/0"
                ],
                "description": "",
                "from_port": 0,
                "ipv6_cidr_blocks": [],
                "prefix_list_ids": [],
                "protocol": "-1",
                "security_groups": [],
                "self": false,
                "to_port": 0
              }
            ],
            "id": "sg-018b912f38c0888c8",
            "ingress": [
              {
                "cidr_blocks": [
                  "0.0.0.0/0"
                ],
                "description": "",
                "from_port": 22,
                "ipv6_cidr_blocks": [],
                "prefix_list_ids": [],
                "protocol": "tcp",
                "security_groups": [],
                "self": false,
                "to_port": 22
              },
              {
                "cidr_blocks": [
                  "0.0.0.0/0"
                ],
                "description": "",
                "from_port": 50000,
                "ipv6_cidr_blocks": [],
                "prefix_list_ids": [],
                "protocol": "tcp",
                "security_groups": [],
                "self": false,
                "to_port": 50000
              },
              {
                "cidr_blocks": [
                  "0.0.0.0/0"
                ],
                "description": "",
                "from_port": 8080,
                "ipv6_cidr_blocks": [],
                "prefix_list_ids": [],
                "protocol": "tcp",
                "security_groups": [],
                "self": false,
                "to_port": 8080
              },
              {
                "cidr_blocks": [
                  "0.0.0.0/0"
                ],
                "description": "",
                "from_port": 80,
                "ipv6_cidr_blocks": [],
                "prefix_list_ids": [],
                "protocol": "tcp",
                "security_groups": [],
                "self": false,
                "to_port": 80
              },
              {
                "cidr_blocks": [
                  "13.0.0.0/16"
                ],
                "description": "",
                "from_port": 0,
                "ipv6_cidr_blocks": [],
                "prefix_list_ids": [],
                "protocol": "-1",
                "security_groups": [],
                "self": false,
                "to_port": 0
              }
            ],
            "name": "EC2-SSH-HTTP",
            "name_prefix": "",
            "owner_id": "708426825474",
            "revoke_rules_on_delete": false,
            "tags": {
              "Name": "Jenkins-SG",
              "Owner": "Ioann"
            },
            "tags_all": {
              "Name": "Jenkins-SG",
              "Owner": "Ioann"
            },
            "timeouts": null,
            "vpc_id": "vpc-08aae0772f83321fc"
          },
          "sensitive_attributes": [],
          "private": "eyJlMmJmYjczMC1lY2FhLTExZTYtOGY4OC0zNDM2M2JjN2M0YzAiOnsiY3JlYXRlIjo2MDAwMDAwMDAwMDAsImRlbGV0ZSI6OTAwMDAwMDAwMDAwfSwic2NoZW1hX3ZlcnNpb24iOiIxIn0=",
          "dependencies": [
            "module.vpc.aws_vpc.main"
          ]
        }
      ]
    },
    {
      "mode": "managed",
      "type": "local_file",
      "name": "ssh-key",
      "provider": "provider[\"registry.terraform.io/hashicorp/local\"]",
      "instances": [
        {
          "schema_version": 0,
          "attributes": {
            "content": "-----BEGIN OPENSSH PRIVATE KEY-----\nb3BlbnNzaC1rZXktdjEAAAAABG5vbmUAAAAEbm9uZQAAAAAAAAABAAACFwAAAAdz\nc2gtcnNhAAAAAwEAAQAAAgEA1jAcAG+uBmUGdSSw/3MSbC1PWoAqM+aS94Omiuai\nq4PziT2uqQ3Ge+8bSAppIBJmeMZ9nzdxAZYen6Up6CXam1BLDbbWxjWrG7kzWhLF\nixNzjdRMI7HFNFpfU1AwAIFsHcYmgIbS88qmwk5urGucpxws/NVFw4hS9gedr8DM\nzLRjial4BdCgeyPMYQ+11McCjbi+jnK4o5l6GwtfabhYvQ1Rd4HRPW1SE77NY2bx\ntqm0PG1stg4SeAszYiICUFxfbSTd/4ywZwYj0v1xr9AqlvNssH79QggnKL3F7R0Y\n2svEbCzLaWp30V8m1Q0JJ0CILuFb6jJNgvO324CDYd3XPBPXkGH9AW4qBk2DOv6+\nO6BQt6S8BsQiQL+ZEG0xYk6pXF5e3NoxPWy3MyXtp2bGIWtKvVk4UhwZxlnO/LSY\n2/3SUPutvmdvVX/d6RtznVVCozX0gUzJyjylB+qM9gk87bfp6s2XxoO2QObTTTJl\nAjJqJda2ohkoN6pAlKXZ46yQsBAYlvMLJCwa5cMesH6skleKV9lPL6g5FCb+VHlY\n2yNsjZLDjeHsQ00vISY4oorp9SYiSNFiTfB+bjEYJwXq23QBNkB5hmY1Qw3ymkOc\n4QEW7GQP4MftjeKeP2OLir0eaxoPu/FCtxCXYx9+AGXkfuzoGTS2KyzCQWivENfU\nIkMAAAc4zNWD1czVg9UAAAAHc3NoLXJzYQAAAgEA1jAcAG+uBmUGdSSw/3MSbC1P\nWoAqM+aS94Omiuaiq4PziT2uqQ3Ge+8bSAppIBJmeMZ9nzdxAZYen6Up6CXam1BL\nDbbWxjWrG7kzWhLFixNzjdRMI7HFNFpfU1AwAIFsHcYmgIbS88qmwk5urGucpxws\n/NVFw4hS9gedr8DMzLRjial4BdCgeyPMYQ+11McCjbi+jnK4o5l6GwtfabhYvQ1R\nd4HRPW1SE77NY2bxtqm0PG1stg4SeAszYiICUFxfbSTd/4ywZwYj0v1xr9AqlvNs\nsH79QggnKL3F7R0Y2svEbCzLaWp30V8m1Q0JJ0CILuFb6jJNgvO324CDYd3XPBPX\nkGH9AW4qBk2DOv6+O6BQt6S8BsQiQL+ZEG0xYk6pXF5e3NoxPWy3MyXtp2bGIWtK\nvVk4UhwZxlnO/LSY2/3SUPutvmdvVX/d6RtznVVCozX0gUzJyjylB+qM9gk87bfp\n6s2XxoO2QObTTTJlAjJqJda2ohkoN6pAlKXZ46yQsBAYlvMLJCwa5cMesH6skleK\nV9lPL6g5FCb+VHlY2yNsjZLDjeHsQ00vISY4oorp9SYiSNFiTfB+bjEYJwXq23QB\nNkB5hmY1Qw3ymkOc4QEW7GQP4MftjeKeP2OLir0eaxoPu/FCtxCXYx9+AGXkfuzo\nGTS2KyzCQWivENfUIkMAAAADAQABAAACAQCds0xasd+iy61GgN5lJteQmIfNrYHl\nNsZMwTzVFlz9BalBCg5YYFEcnP8sOqYOPB4AnLyPhuWIcnxXtOa3C2/6XNL15QIb\nbBZw0hpSHnIeJRM2gPIScegt1MBM+kRtit0MywE8LoiRgUro05C/GHh9vcwN2AWG\now/aH99lMQJZUhPbntBFD8epAsGPUV7irChgKn77KNJzeiQiV2xHzbhgcbbi0804\neg4thZV5s6kSgb63oyWgoZnNkwmhHkMv4eNM3BEr/+093ZJw3bRf61gATnhfNxDH\nFnOmlpttKrhLGC6mKxEVq5NOr81Knk93/BaI1dq0A5d4bHOZhPS3EPxP4a5sQqzK\n1Cxv9mTBsgAJTxU7hOnmU8loyenpvqmO40i20xg4oDkBEjXWf6X1ZCJ0lQ1krRiE\nrUrd+EByZta+MVYS2ypp1c8OVNXt2sNmuYbYDv5ZWufWNsKh1+qkD2/crCnvuHH7\n6ek+he25SnUtCiLrPLfzj1hvQqQ7iRD8Z/Pvpe5QVJ89pUN+COYLPjwtUsnSCOFA\n2muLY7qwhcg7skPlBaBDpAQsfMPplnIu3EsiFvNyQAp2axC3DcTQQ0x0MEkiePgt\nSu/Qg8lEvkVm44sngwIWrX6cJcPh1yoHGGqAPeGglZUHFjIBzFn4IKGjP1bsw7rW\no/Q+oBneXQNyGQAAAQEAsMGG0WFOPpXKLn6Ll6hp51NCzKdFCSFqGgVe3cLVr+bx\n3+B1a95CqJucnQFgXV94TXR513fIuqigjUOqYQ7foqvbzGrm9knlvPag4NeKn3qf\n/tfRP6c0bRbS06l2TmMSZ7SPsjez/EFbGsgor6v6lPKwwsy6pWufl2AJQ/cYT1Nz\nSbowJ07JS74fOIDLtYLFkZhmEAOQiVsIPNTyeeZRdYj5fWflkaxlRq9Pl3M0QYdE\nkUPh6RzHmfWZ6911kj6iNLJE67zarQ/tIaaFatFl//ztPjEqhLqEiRUDZr+QbQw+\nH5d7vg8TJ3sDGgTe69ri7U9TkdMwqZ35w88lU1CofgAAAQEA76yGDrFe2WwOt6u9\nJwDegHi2xIGX4vgWBeINqnLUhoPvKIMw+carGuFL8QKajRySWW+bnFUvsqHFKEM4\nsNVfE8xyI+ExgyNc/KQ/Wag6iTsvoptdhNIPGjguyn9Y6Q8jmHf2pMyXFVM1cs7B\nx6uKZDmFtc5jb6UbaxO7+fDPtaHe1CpNm/p0KL9hhUEWu9aC3/7XNblG0qbNVrNB\nZO1ZbRuNUmKRxnRmJOPCs3o/b9KM1Fphw6hbVmwlIa2DKWPKbetUtZHJzFitxu3D\nmpOZ78GVFcZeYdxNl5ijhOd3/npUzrMuV/xk+zYsTO83Gud0I54PxcSYwhAZHsse\nOQMDVwAAAQEA5McoDQPTANkhQSzDqaXoNvIeWgxFEyytt/c32pMQE8VjYsdGEyin\n9Ync4pu1S5R+JJbhMKusXPt7HvQn7eDSOAFRRJWODW9nkgqw5lC2a6zeqlLXJ4F6\nnjX8x5l3/5EyF47hFaM30HH4xEq/1/WmQ00HSb83hQGEppcTKWEzHNvxZAH9PtqP\njVwq5FDdRTq0o6R0X+SRfmLaWWZGGVg5dKjJk66na+dmvI+7aDFKCRGyZzeO7G0T\nYt+n1oyL6ZMz3ZJrqXtfhz/1/bnzTnI/sYtwiYuBKNIXtdWyuvPPwbm8HJcQRjB5\nkfh1rF2aXR4+aFvz2QAFlN/NPG2WeNeQ9QAAAAAB\n-----END OPENSSH PRIVATE KEY-----\n",
            "content_base64": null,
            "content_base64sha256": "OK6K5DNLXMznU2u9J4+rWvZYXUfNvgvCsO1xhVlJ5cU=",
            "content_base64sha512": "4P1Fzwr6W6VsxsHvMRoW486tQqmwvbeCZgTIax1ziGEZbs0Y80sVXZpG2auKmjcq+55SrbtxjhJXH2FXtaYFcQ==",
            "content_md5": "7a237699a76647e6bcf2c68596691f8d",
            "content_sha1": "3f756e2dffab2b4d033490267f364b01e6357a3c",
            "content_sha256": "38ae8ae4334b5ccce7536bbd278fab5af6585d47cdbe0bc2b0ed71855949e5c5",
            "content_sha512": "e0fd45cf0afa5ba56cc6c1ef311a16e3cead42a9b0bdb7826604c86b1d738861196ecd18f34b155d9a46d9ab8a9a372afb9e52adbb718e12571f6157b5a60571",
            "directory_permission": "0777",
            "file_permission": "0400",
            "filename": "./ioann-private.key",
            "id": "3f756e2dffab2b4d033490267f364b01e6357a3c",
            "sensitive_content": null,
            "source": null
          },
          "sensitive_attributes": [
            [
              {
                "type": "get_attr",
                "value": "sensitive_content"
              }
            ],
            [
              {
                "type": "get_attr",
                "value": "content"
              }
            ]
          ],
          "dependencies": [
            "tls_private_key.ssh"
          ]
        }
      ]
    },
    {
      "mode": "managed",
      "type": "tls_private_key",
      "name": "ssh",
      "provider": "provider[\"registry.terraform.io/hashicorp/tls\"]",
      "instances": [
        {
          "schema_version": 1,
          "attributes": {
            "algorithm": "RSA",
            "ecdsa_curve": "P224",
            "id": "44462b9f5971ca7c95a7c89476a8a223a66efa98",
            "private_key_openssh": "-----BEGIN OPENSSH PRIVATE KEY-----\nb3BlbnNzaC1rZXktdjEAAAAABG5vbmUAAAAEbm9uZQAAAAAAAAABAAACFwAAAAdz\nc2gtcnNhAAAAAwEAAQAAAgEA1jAcAG+uBmUGdSSw/3MSbC1PWoAqM+aS94Omiuai\nq4PziT2uqQ3Ge+8bSAppIBJmeMZ9nzdxAZYen6Up6CXam1BLDbbWxjWrG7kzWhLF\nixNzjdRMI7HFNFpfU1AwAIFsHcYmgIbS88qmwk5urGucpxws/NVFw4hS9gedr8DM\nzLRjial4BdCgeyPMYQ+11McCjbi+jnK4o5l6GwtfabhYvQ1Rd4HRPW1SE77NY2bx\ntqm0PG1stg4SeAszYiICUFxfbSTd/4ywZwYj0v1xr9AqlvNssH79QggnKL3F7R0Y\n2svEbCzLaWp30V8m1Q0JJ0CILuFb6jJNgvO324CDYd3XPBPXkGH9AW4qBk2DOv6+\nO6BQt6S8BsQiQL+ZEG0xYk6pXF5e3NoxPWy3MyXtp2bGIWtKvVk4UhwZxlnO/LSY\n2/3SUPutvmdvVX/d6RtznVVCozX0gUzJyjylB+qM9gk87bfp6s2XxoO2QObTTTJl\nAjJqJda2ohkoN6pAlKXZ46yQsBAYlvMLJCwa5cMesH6skleKV9lPL6g5FCb+VHlY\n2yNsjZLDjeHsQ00vISY4oorp9SYiSNFiTfB+bjEYJwXq23QBNkB5hmY1Qw3ymkOc\n4QEW7GQP4MftjeKeP2OLir0eaxoPu/FCtxCXYx9+AGXkfuzoGTS2KyzCQWivENfU\nIkMAAAc4zNWD1czVg9UAAAAHc3NoLXJzYQAAAgEA1jAcAG+uBmUGdSSw/3MSbC1P\nWoAqM+aS94Omiuaiq4PziT2uqQ3Ge+8bSAppIBJmeMZ9nzdxAZYen6Up6CXam1BL\nDbbWxjWrG7kzWhLFixNzjdRMI7HFNFpfU1AwAIFsHcYmgIbS88qmwk5urGucpxws\n/NVFw4hS9gedr8DMzLRjial4BdCgeyPMYQ+11McCjbi+jnK4o5l6GwtfabhYvQ1R\nd4HRPW1SE77NY2bxtqm0PG1stg4SeAszYiICUFxfbSTd/4ywZwYj0v1xr9AqlvNs\nsH79QggnKL3F7R0Y2svEbCzLaWp30V8m1Q0JJ0CILuFb6jJNgvO324CDYd3XPBPX\nkGH9AW4qBk2DOv6+O6BQt6S8BsQiQL+ZEG0xYk6pXF5e3NoxPWy3MyXtp2bGIWtK\nvVk4UhwZxlnO/LSY2/3SUPutvmdvVX/d6RtznVVCozX0gUzJyjylB+qM9gk87bfp\n6s2XxoO2QObTTTJlAjJqJda2ohkoN6pAlKXZ46yQsBAYlvMLJCwa5cMesH6skleK\nV9lPL6g5FCb+VHlY2yNsjZLDjeHsQ00vISY4oorp9SYiSNFiTfB+bjEYJwXq23QB\nNkB5hmY1Qw3ymkOc4QEW7GQP4MftjeKeP2OLir0eaxoPu/FCtxCXYx9+AGXkfuzo\nGTS2KyzCQWivENfUIkMAAAADAQABAAACAQCds0xasd+iy61GgN5lJteQmIfNrYHl\nNsZMwTzVFlz9BalBCg5YYFEcnP8sOqYOPB4AnLyPhuWIcnxXtOa3C2/6XNL15QIb\nbBZw0hpSHnIeJRM2gPIScegt1MBM+kRtit0MywE8LoiRgUro05C/GHh9vcwN2AWG\now/aH99lMQJZUhPbntBFD8epAsGPUV7irChgKn77KNJzeiQiV2xHzbhgcbbi0804\neg4thZV5s6kSgb63oyWgoZnNkwmhHkMv4eNM3BEr/+093ZJw3bRf61gATnhfNxDH\nFnOmlpttKrhLGC6mKxEVq5NOr81Knk93/BaI1dq0A5d4bHOZhPS3EPxP4a5sQqzK\n1Cxv9mTBsgAJTxU7hOnmU8loyenpvqmO40i20xg4oDkBEjXWf6X1ZCJ0lQ1krRiE\nrUrd+EByZta+MVYS2ypp1c8OVNXt2sNmuYbYDv5ZWufWNsKh1+qkD2/crCnvuHH7\n6ek+he25SnUtCiLrPLfzj1hvQqQ7iRD8Z/Pvpe5QVJ89pUN+COYLPjwtUsnSCOFA\n2muLY7qwhcg7skPlBaBDpAQsfMPplnIu3EsiFvNyQAp2axC3DcTQQ0x0MEkiePgt\nSu/Qg8lEvkVm44sngwIWrX6cJcPh1yoHGGqAPeGglZUHFjIBzFn4IKGjP1bsw7rW\no/Q+oBneXQNyGQAAAQEAsMGG0WFOPpXKLn6Ll6hp51NCzKdFCSFqGgVe3cLVr+bx\n3+B1a95CqJucnQFgXV94TXR513fIuqigjUOqYQ7foqvbzGrm9knlvPag4NeKn3qf\n/tfRP6c0bRbS06l2TmMSZ7SPsjez/EFbGsgor6v6lPKwwsy6pWufl2AJQ/cYT1Nz\nSbowJ07JS74fOIDLtYLFkZhmEAOQiVsIPNTyeeZRdYj5fWflkaxlRq9Pl3M0QYdE\nkUPh6RzHmfWZ6911kj6iNLJE67zarQ/tIaaFatFl//ztPjEqhLqEiRUDZr+QbQw+\nH5d7vg8TJ3sDGgTe69ri7U9TkdMwqZ35w88lU1CofgAAAQEA76yGDrFe2WwOt6u9\nJwDegHi2xIGX4vgWBeINqnLUhoPvKIMw+carGuFL8QKajRySWW+bnFUvsqHFKEM4\nsNVfE8xyI+ExgyNc/KQ/Wag6iTsvoptdhNIPGjguyn9Y6Q8jmHf2pMyXFVM1cs7B\nx6uKZDmFtc5jb6UbaxO7+fDPtaHe1CpNm/p0KL9hhUEWu9aC3/7XNblG0qbNVrNB\nZO1ZbRuNUmKRxnRmJOPCs3o/b9KM1Fphw6hbVmwlIa2DKWPKbetUtZHJzFitxu3D\nmpOZ78GVFcZeYdxNl5ijhOd3/npUzrMuV/xk+zYsTO83Gud0I54PxcSYwhAZHsse\nOQMDVwAAAQEA5McoDQPTANkhQSzDqaXoNvIeWgxFEyytt/c32pMQE8VjYsdGEyin\n9Ync4pu1S5R+JJbhMKusXPt7HvQn7eDSOAFRRJWODW9nkgqw5lC2a6zeqlLXJ4F6\nnjX8x5l3/5EyF47hFaM30HH4xEq/1/WmQ00HSb83hQGEppcTKWEzHNvxZAH9PtqP\njVwq5FDdRTq0o6R0X+SRfmLaWWZGGVg5dKjJk66na+dmvI+7aDFKCRGyZzeO7G0T\nYt+n1oyL6ZMz3ZJrqXtfhz/1/bnzTnI/sYtwiYuBKNIXtdWyuvPPwbm8HJcQRjB5\nkfh1rF2aXR4+aFvz2QAFlN/NPG2WeNeQ9QAAAAAB\n-----END OPENSSH PRIVATE KEY-----\n",
            "private_key_pem": "-----BEGIN RSA PRIVATE KEY-----\nMIIJKwIBAAKCAgEA1jAcAG+uBmUGdSSw/3MSbC1PWoAqM+aS94Omiuaiq4PziT2u\nqQ3Ge+8bSAppIBJmeMZ9nzdxAZYen6Up6CXam1BLDbbWxjWrG7kzWhLFixNzjdRM\nI7HFNFpfU1AwAIFsHcYmgIbS88qmwk5urGucpxws/NVFw4hS9gedr8DMzLRjial4\nBdCgeyPMYQ+11McCjbi+jnK4o5l6GwtfabhYvQ1Rd4HRPW1SE77NY2bxtqm0PG1s\ntg4SeAszYiICUFxfbSTd/4ywZwYj0v1xr9AqlvNssH79QggnKL3F7R0Y2svEbCzL\naWp30V8m1Q0JJ0CILuFb6jJNgvO324CDYd3XPBPXkGH9AW4qBk2DOv6+O6BQt6S8\nBsQiQL+ZEG0xYk6pXF5e3NoxPWy3MyXtp2bGIWtKvVk4UhwZxlnO/LSY2/3SUPut\nvmdvVX/d6RtznVVCozX0gUzJyjylB+qM9gk87bfp6s2XxoO2QObTTTJlAjJqJda2\nohkoN6pAlKXZ46yQsBAYlvMLJCwa5cMesH6skleKV9lPL6g5FCb+VHlY2yNsjZLD\njeHsQ00vISY4oorp9SYiSNFiTfB+bjEYJwXq23QBNkB5hmY1Qw3ymkOc4QEW7GQP\n4MftjeKeP2OLir0eaxoPu/FCtxCXYx9+AGXkfuzoGTS2KyzCQWivENfUIkMCAwEA\nAQKCAgEAnbNMWrHfosutRoDeZSbXkJiHza2B5TbGTME81RZc/QWpQQoOWGBRHJz/\nLDqmDjweAJy8j4bliHJ8V7Tmtwtv+lzS9eUCG2wWcNIaUh5yHiUTNoDyEnHoLdTA\nTPpEbYrdDMsBPC6IkYFK6NOQvxh4fb3MDdgFhqMP2h/fZTECWVIT257QRQ/HqQLB\nj1Fe4qwoYCp++yjSc3okIldsR824YHG24tPNOHoOLYWVebOpEoG+t6MloKGZzZMJ\noR5DL+HjTNwRK//tPd2ScN20X+tYAE54XzcQxxZzppabbSq4SxgupisRFauTTq/N\nSp5Pd/wWiNXatAOXeGxzmYT0txD8T+GubEKsytQsb/ZkwbIACU8VO4Tp5lPJaMnp\n6b6pjuNIttMYOKA5ARI11n+l9WQidJUNZK0YhK1K3fhAcmbWvjFWEtsqadXPDlTV\n7drDZrmG2A7+WVrn1jbCodfqpA9v3Kwp77hx++npPoXtuUp1LQoi6zy3849Yb0Kk\nO4kQ/Gfz76XuUFSfPaVDfgjmCz48LVLJ0gjhQNpri2O6sIXIO7JD5QWgQ6QELHzD\n6ZZyLtxLIhbzckAKdmsQtw3E0ENMdDBJInj4LUrv0IPJRL5FZuOLJ4MCFq1+nCXD\n4dcqBxhqgD3hoJWVBxYyAcxZ+CChoz9W7MO61qP0PqAZ3l0DchkCggEBAO+shg6x\nXtlsDrervScA3oB4tsSBl+L4FgXiDapy1IaD7yiDMPnGqxrhS/ECmo0ckllvm5xV\nL7KhxShDOLDVXxPMciPhMYMjXPykP1moOok7L6KbXYTSDxo4Lsp/WOkPI5h39qTM\nlxVTNXLOwcerimQ5hbXOY2+lG2sTu/nwz7Wh3tQqTZv6dCi/YYVBFrvWgt/+1zW5\nRtKmzVazQWTtWW0bjVJikcZ0ZiTjwrN6P2/SjNRaYcOoW1ZsJSGtgyljym3rVLWR\nycxYrcbtw5qTme/BlRXGXmHcTZeYo4Tnd/56VM6zLlf8ZPs2LEzvNxrndCOeD8XE\nmMIQGR7LHjkDA1cCggEBAOTHKA0D0wDZIUEsw6ml6DbyHloMRRMsrbf3N9qTEBPF\nY2LHRhMop/WJ3OKbtUuUfiSW4TCrrFz7ex70J+3g0jgBUUSVjg1vZ5IKsOZQtmus\n3qpS1yeBep41/MeZd/+RMheO4RWjN9Bx+MRKv9f1pkNNB0m/N4UBhKaXEylhMxzb\n8WQB/T7aj41cKuRQ3UU6tKOkdF/kkX5i2llmRhlYOXSoyZOup2vnZryPu2gxSgkR\nsmc3juxtE2Lfp9aMi+mTM92Sa6l7X4c/9f25805yP7GLcImLgSjSF7XVsrrzz8G5\nvByXEEYweZH4daxdml0ePmhb89kABZTfzTxtlnjXkPUCggEBAILambKJ6nQgiASF\nklcqJVDVF0xASPHVawi5O6bU3O24OKnQvruQWTjqyrCCMGlcsRZ9VeNLqygHJIJv\n+RKq3CcOFz85ovOrKgiRkDjeHV9xXfeUhcGPgklZZUqPrrZH2rJSxOmC/fXZoTPW\naHwgTwWbVkJFtYpuBYM3mgjDDlRnVSZXFlpTqnnYy2CagdP6MSgkldEyH9XA1hlA\n8zIsWAe25DiXsmk8gcwgQdwFoX7m4JbL5daSI5QSpU820YaWgh3zPyOGvjuAKxiS\nFZpefcwlz8S8sikRw5dB8f0M9zmMBqN3tpS5K1TwZc13SYm51nHfyVK7nH9PlLd4\nRD7yQy8CggEBAK4oNgMCYESLBle5HhItbEM3uYdPQ94+6tfa6LgJr/l9EBWIIX5A\nOuweUPppEnBA0G5GNZN5fLMj9iwwLZ1WwnFD/3u4ZfUwU6XHYbdSxivd43vBqGw4\nkwGRk6bW25TAEWQBrrNsFvcla/zx8m0SYclmACBR4o/sAfFXnIypo+FaRb6eDQ0m\nEJXKDhTUwj0LXawda0H8nA2cbyATTVXJ5aM7QoicMnNgKsNsn3vH2dZhlHAiyTiO\nKG3iWMBpKbFcD+WiqzbP5n7tX/QQ9HlJW9dqkPcELgTHOql/zpmnNQcCv4L8NLVZ\n/ZHzlJDsiLBOb6++IDmXXKhiXribrCq932kCggEBALDBhtFhTj6Vyi5+i5eoaedT\nQsynRQkhahoFXt3C1a/m8d/gdWveQqibnJ0BYF1feE10edd3yLqooI1DqmEO36Kr\n28xq5vZJ5bz2oODXip96n/7X0T+nNG0W0tOpdk5jEme0j7I3s/xBWxrIKK+r+pTy\nsMLMuqVrn5dgCUP3GE9Tc0m6MCdOyUu+HziAy7WCxZGYZhADkIlbCDzU8nnmUXWI\n+X1n5ZGsZUavT5dzNEGHRJFD4ekcx5n1mevddZI+ojSyROu82q0P7SGmhWrRZf/8\n7T4xKoS6hIkVA2a/kG0MPh+Xe74PEyd7AxoE3uva4u1PU5HTMKmd+cPPJVNQqH4=\n-----END RSA PRIVATE KEY-----\n",
            "private_key_pem_pkcs8": "-----BEGIN PRIVATE KEY-----\nMIIJRQIBADANBgkqhkiG9w0BAQEFAASCCS8wggkrAgEAAoICAQDWMBwAb64GZQZ1\nJLD/cxJsLU9agCoz5pL3g6aK5qKrg/OJPa6pDcZ77xtICmkgEmZ4xn2fN3EBlh6f\npSnoJdqbUEsNttbGNasbuTNaEsWLE3ON1EwjscU0Wl9TUDAAgWwdxiaAhtLzyqbC\nTm6sa5ynHCz81UXDiFL2B52vwMzMtGOJqXgF0KB7I8xhD7XUxwKNuL6OcrijmXob\nC19puFi9DVF3gdE9bVITvs1jZvG2qbQ8bWy2DhJ4CzNiIgJQXF9tJN3/jLBnBiPS\n/XGv0CqW82ywfv1CCCcovcXtHRjay8RsLMtpanfRXybVDQknQIgu4VvqMk2C87fb\ngINh3dc8E9eQYf0BbioGTYM6/r47oFC3pLwGxCJAv5kQbTFiTqlcXl7c2jE9bLcz\nJe2nZsYha0q9WThSHBnGWc78tJjb/dJQ+62+Z29Vf93pG3OdVUKjNfSBTMnKPKUH\n6oz2CTztt+nqzZfGg7ZA5tNNMmUCMmol1raiGSg3qkCUpdnjrJCwEBiW8wskLBrl\nwx6wfqySV4pX2U8vqDkUJv5UeVjbI2yNksON4exDTS8hJjiiiun1JiJI0WJN8H5u\nMRgnBerbdAE2QHmGZjVDDfKaQ5zhARbsZA/gx+2N4p4/Y4uKvR5rGg+78UK3EJdj\nH34AZeR+7OgZNLYrLMJBaK8Q19QiQwIDAQABAoICAQCds0xasd+iy61GgN5lJteQ\nmIfNrYHlNsZMwTzVFlz9BalBCg5YYFEcnP8sOqYOPB4AnLyPhuWIcnxXtOa3C2/6\nXNL15QIbbBZw0hpSHnIeJRM2gPIScegt1MBM+kRtit0MywE8LoiRgUro05C/GHh9\nvcwN2AWGow/aH99lMQJZUhPbntBFD8epAsGPUV7irChgKn77KNJzeiQiV2xHzbhg\ncbbi0804eg4thZV5s6kSgb63oyWgoZnNkwmhHkMv4eNM3BEr/+093ZJw3bRf61gA\nTnhfNxDHFnOmlpttKrhLGC6mKxEVq5NOr81Knk93/BaI1dq0A5d4bHOZhPS3EPxP\n4a5sQqzK1Cxv9mTBsgAJTxU7hOnmU8loyenpvqmO40i20xg4oDkBEjXWf6X1ZCJ0\nlQ1krRiErUrd+EByZta+MVYS2ypp1c8OVNXt2sNmuYbYDv5ZWufWNsKh1+qkD2/c\nrCnvuHH76ek+he25SnUtCiLrPLfzj1hvQqQ7iRD8Z/Pvpe5QVJ89pUN+COYLPjwt\nUsnSCOFA2muLY7qwhcg7skPlBaBDpAQsfMPplnIu3EsiFvNyQAp2axC3DcTQQ0x0\nMEkiePgtSu/Qg8lEvkVm44sngwIWrX6cJcPh1yoHGGqAPeGglZUHFjIBzFn4IKGj\nP1bsw7rWo/Q+oBneXQNyGQKCAQEA76yGDrFe2WwOt6u9JwDegHi2xIGX4vgWBeIN\nqnLUhoPvKIMw+carGuFL8QKajRySWW+bnFUvsqHFKEM4sNVfE8xyI+ExgyNc/KQ/\nWag6iTsvoptdhNIPGjguyn9Y6Q8jmHf2pMyXFVM1cs7Bx6uKZDmFtc5jb6UbaxO7\n+fDPtaHe1CpNm/p0KL9hhUEWu9aC3/7XNblG0qbNVrNBZO1ZbRuNUmKRxnRmJOPC\ns3o/b9KM1Fphw6hbVmwlIa2DKWPKbetUtZHJzFitxu3DmpOZ78GVFcZeYdxNl5ij\nhOd3/npUzrMuV/xk+zYsTO83Gud0I54PxcSYwhAZHsseOQMDVwKCAQEA5McoDQPT\nANkhQSzDqaXoNvIeWgxFEyytt/c32pMQE8VjYsdGEyin9Ync4pu1S5R+JJbhMKus\nXPt7HvQn7eDSOAFRRJWODW9nkgqw5lC2a6zeqlLXJ4F6njX8x5l3/5EyF47hFaM3\n0HH4xEq/1/WmQ00HSb83hQGEppcTKWEzHNvxZAH9PtqPjVwq5FDdRTq0o6R0X+SR\nfmLaWWZGGVg5dKjJk66na+dmvI+7aDFKCRGyZzeO7G0TYt+n1oyL6ZMz3ZJrqXtf\nhz/1/bnzTnI/sYtwiYuBKNIXtdWyuvPPwbm8HJcQRjB5kfh1rF2aXR4+aFvz2QAF\nlN/NPG2WeNeQ9QKCAQEAgtqZsonqdCCIBIWSVyolUNUXTEBI8dVrCLk7ptTc7bg4\nqdC+u5BZOOrKsIIwaVyxFn1V40urKAckgm/5EqrcJw4XPzmi86sqCJGQON4dX3Fd\n95SFwY+CSVllSo+utkfaslLE6YL99dmhM9ZofCBPBZtWQkW1im4FgzeaCMMOVGdV\nJlcWWlOqedjLYJqB0/oxKCSV0TIf1cDWGUDzMixYB7bkOJeyaTyBzCBB3AWhfubg\nlsvl1pIjlBKlTzbRhpaCHfM/I4a+O4ArGJIVml59zCXPxLyyKRHDl0Hx/Qz3OYwG\no3e2lLkrVPBlzXdJibnWcd/JUrucf0+Ut3hEPvJDLwKCAQEArig2AwJgRIsGV7ke\nEi1sQze5h09D3j7q19rouAmv+X0QFYghfkA67B5Q+mkScEDQbkY1k3l8syP2LDAt\nnVbCcUP/e7hl9TBTpcdht1LGK93je8GobDiTAZGTptbblMARZAGus2wW9yVr/PHy\nbRJhyWYAIFHij+wB8VecjKmj4VpFvp4NDSYQlcoOFNTCPQtdrB1rQfycDZxvIBNN\nVcnloztCiJwyc2Aqw2yfe8fZ1mGUcCLJOI4obeJYwGkpsVwP5aKrNs/mfu1f9BD0\neUlb12qQ9wQuBMc6qX/Omac1BwK/gvw0tVn9kfOUkOyIsE5vr74gOZdcqGJeuJus\nKr3faQKCAQEAsMGG0WFOPpXKLn6Ll6hp51NCzKdFCSFqGgVe3cLVr+bx3+B1a95C\nqJucnQFgXV94TXR513fIuqigjUOqYQ7foqvbzGrm9knlvPag4NeKn3qf/tfRP6c0\nbRbS06l2TmMSZ7SPsjez/EFbGsgor6v6lPKwwsy6pWufl2AJQ/cYT1NzSbowJ07J\nS74fOIDLtYLFkZhmEAOQiVsIPNTyeeZRdYj5fWflkaxlRq9Pl3M0QYdEkUPh6RzH\nmfWZ6911kj6iNLJE67zarQ/tIaaFatFl//ztPjEqhLqEiRUDZr+QbQw+H5d7vg8T\nJ3sDGgTe69ri7U9TkdMwqZ35w88lU1Cofg==\n-----END PRIVATE KEY-----\n",
            "public_key_fingerprint_md5": "07:eb:30:0d:7d:e8:7b:df:43:07:0f:2c:27:db:e5:aa",
            "public_key_fingerprint_sha256": "SHA256:tdb+WAziOZv6xVs5x5naFGyB0RP2SsgAb3xkLbZYzRs",
            "public_key_openssh": "ssh-rsa AAAAB3NzaC1yc2EAAAADAQABAAACAQDWMBwAb64GZQZ1JLD/cxJsLU9agCoz5pL3g6aK5qKrg/OJPa6pDcZ77xtICmkgEmZ4xn2fN3EBlh6fpSnoJdqbUEsNttbGNasbuTNaEsWLE3ON1EwjscU0Wl9TUDAAgWwdxiaAhtLzyqbCTm6sa5ynHCz81UXDiFL2B52vwMzMtGOJqXgF0KB7I8xhD7XUxwKNuL6OcrijmXobC19puFi9DVF3gdE9bVITvs1jZvG2qbQ8bWy2DhJ4CzNiIgJQXF9tJN3/jLBnBiPS/XGv0CqW82ywfv1CCCcovcXtHRjay8RsLMtpanfRXybVDQknQIgu4VvqMk2C87fbgINh3dc8E9eQYf0BbioGTYM6/r47oFC3pLwGxCJAv5kQbTFiTqlcXl7c2jE9bLczJe2nZsYha0q9WThSHBnGWc78tJjb/dJQ+62+Z29Vf93pG3OdVUKjNfSBTMnKPKUH6oz2CTztt+nqzZfGg7ZA5tNNMmUCMmol1raiGSg3qkCUpdnjrJCwEBiW8wskLBrlwx6wfqySV4pX2U8vqDkUJv5UeVjbI2yNksON4exDTS8hJjiiiun1JiJI0WJN8H5uMRgnBerbdAE2QHmGZjVDDfKaQ5zhARbsZA/gx+2N4p4/Y4uKvR5rGg+78UK3EJdjH34AZeR+7OgZNLYrLMJBaK8Q19QiQw==\n",
            "public_key_pem": "-----BEGIN PUBLIC KEY-----\nMIICIjANBgkqhkiG9w0BAQEFAAOCAg8AMIICCgKCAgEA1jAcAG+uBmUGdSSw/3MS\nbC1PWoAqM+aS94Omiuaiq4PziT2uqQ3Ge+8bSAppIBJmeMZ9nzdxAZYen6Up6CXa\nm1BLDbbWxjWrG7kzWhLFixNzjdRMI7HFNFpfU1AwAIFsHcYmgIbS88qmwk5urGuc\npxws/NVFw4hS9gedr8DMzLRjial4BdCgeyPMYQ+11McCjbi+jnK4o5l6GwtfabhY\nvQ1Rd4HRPW1SE77NY2bxtqm0PG1stg4SeAszYiICUFxfbSTd/4ywZwYj0v1xr9Aq\nlvNssH79QggnKL3F7R0Y2svEbCzLaWp30V8m1Q0JJ0CILuFb6jJNgvO324CDYd3X\nPBPXkGH9AW4qBk2DOv6+O6BQt6S8BsQiQL+ZEG0xYk6pXF5e3NoxPWy3MyXtp2bG\nIWtKvVk4UhwZxlnO/LSY2/3SUPutvmdvVX/d6RtznVVCozX0gUzJyjylB+qM9gk8\n7bfp6s2XxoO2QObTTTJlAjJqJda2ohkoN6pAlKXZ46yQsBAYlvMLJCwa5cMesH6s\nkleKV9lPL6g5FCb+VHlY2yNsjZLDjeHsQ00vISY4oorp9SYiSNFiTfB+bjEYJwXq\n23QBNkB5hmY1Qw3ymkOc4QEW7GQP4MftjeKeP2OLir0eaxoPu/FCtxCXYx9+AGXk\nfuzoGTS2KyzCQWivENfUIkMCAwEAAQ==\n-----END PUBLIC KEY-----\n",
            "rsa_bits": 4096
          },
          "sensitive_attributes": [
            [
              {
                "type": "get_attr",
                "value": "private_key_pem"
              }
            ],
            [
              {
                "type": "get_attr",
                "value": "private_key_openssh"
              }
            ],
            [
              {
                "type": "get_attr",
                "value": "private_key_pem_pkcs8"
              }
            ]
          ]
        }
      ]
    },
    {
      "module": "module.vpc",
      "mode": "managed",
      "type": "aws_eip",
      "name": "main-nat-eip",
      "provider": "provider[\"registry.terraform.io/hashicorp/aws\"]",
      "instances": [
        {
          "index_key": 0,
          "schema_version": 0,
          "attributes": {
            "address": null,
            "allocation_id": "eipalloc-075054685092d07d4",
            "arn": "arn:aws:ec2:eu-central-1:708426825474:elastic-ip/eipalloc-075054685092d07d4",
            "associate_with_private_ip": null,
            "association_id": "",
            "carrier_ip": "",
            "customer_owned_ip": "",
            "customer_owned_ipv4_pool": "",
            "domain": "vpc",
            "id": "eipalloc-075054685092d07d4",
            "instance": "",
            "ipam_pool_id": null,
            "network_border_group": "eu-central-1",
            "network_interface": "",
            "private_dns": null,
            "private_ip": "",
            "ptr_record": "",
            "public_dns": "ec2-63-178-55-140.eu-central-1.compute.amazonaws.com",
            "public_ip": "63.178.55.140",
            "public_ipv4_pool": "amazon",
            "tags": {
              "Owner": "Ioann"
            },
            "tags_all": {
              "Owner": "Ioann"
            },
            "timeouts": null,
            "vpc": true
          },
          "sensitive_attributes": [],
          "private": "eyJlMmJmYjczMC1lY2FhLTExZTYtOGY4OC0zNDM2M2JjN2M0YzAiOnsiZGVsZXRlIjoxODAwMDAwMDAwMDAsInJlYWQiOjkwMDAwMDAwMDAwMCwidXBkYXRlIjozMDAwMDAwMDAwMDB9fQ=="
        }
      ]
    },
    {
      "module": "module.vpc",
      "mode": "managed",
      "type": "aws_internet_gateway",
      "name": "main-igw",
      "provider": "provider[\"registry.terraform.io/hashicorp/aws\"]",
      "instances": [
        {
          "schema_version": 0,
          "attributes": {
            "arn": "arn:aws:ec2:eu-central-1:708426825474:internet-gateway/igw-01a6cede00d9a1a1c",
            "id": "igw-01a6cede00d9a1a1c",
            "owner_id": "708426825474",
            "tags": {
              "Owner": "Ioann"
            },
            "tags_all": {
              "Owner": "Ioann"
            },
            "timeouts": null,
            "vpc_id": "vpc-08aae0772f83321fc"
          },
          "sensitive_attributes": [],
          "private": "eyJlMmJmYjczMC1lY2FhLTExZTYtOGY4OC0zNDM2M2JjN2M0YzAiOnsiY3JlYXRlIjoxMjAwMDAwMDAwMDAwLCJkZWxldGUiOjEyMDAwMDAwMDAwMDAsInVwZGF0ZSI6MTIwMDAwMDAwMDAwMH19",
          "dependencies": [
            "module.vpc.aws_vpc.main"
          ]
        }
      ]
    },
    {
      "module": "module.vpc",
      "mode": "managed",
      "type": "aws_nat_gateway",
      "name": "main-ngw",
      "provider": "provider[\"registry.terraform.io/hashicorp/aws\"]",
      "instances": [
        {
          "index_key": 0,
          "schema_version": 0,
          "attributes": {
            "allocation_id": "eipalloc-075054685092d07d4",
            "association_id": "eipassoc-0e84250850b91f70c",
            "connectivity_type": "public",
            "id": "nat-07c7b0be20df8527e",
            "network_interface_id": "eni-0960f97b1d8cabefb",
            "private_ip": "13.0.20.38",
            "public_ip": "63.178.55.140",
            "secondary_allocation_ids": null,
            "secondary_private_ip_address_count": 0,
            "secondary_private_ip_addresses": [],
            "subnet_id": "subnet-00b0568fb1a28152e",
            "tags": {
              "Owner": "Ioann"
            },
            "tags_all": {
              "Owner": "Ioann"
            },
            "timeouts": null
          },
          "sensitive_attributes": [],
          "private": "eyJlMmJmYjczMC1lY2FhLTExZTYtOGY4OC0zNDM2M2JjN2M0YzAiOnsiY3JlYXRlIjo2MDAwMDAwMDAwMDAsImRlbGV0ZSI6MTgwMDAwMDAwMDAwMCwidXBkYXRlIjo2MDAwMDAwMDAwMDB9fQ==",
          "dependencies": [
            "module.vpc.aws_eip.main-nat-eip",
            "module.vpc.aws_internet_gateway.main-igw",
            "module.vpc.aws_subnet.main-public",
            "module.vpc.aws_vpc.main"
          ]
        }
      ]
    },
    {
      "module": "module.vpc",
      "mode": "managed",
      "type": "aws_route_table",
      "name": "main-rt-private",
      "provider": "provider[\"registry.terraform.io/hashicorp/aws\"]",
      "instances": [
        {
          "index_key": 0,
          "schema_version": 0,
          "attributes": {
            "arn": "arn:aws:ec2:eu-central-1:708426825474:route-table/rtb-0723421c0f7e42f07",
            "id": "rtb-0723421c0f7e42f07",
            "owner_id": "708426825474",
            "propagating_vgws": [],
            "route": [
              {
                "carrier_gateway_id": "",
                "cidr_block": "0.0.0.0/0",
                "core_network_arn": "",
                "destination_prefix_list_id": "",
                "egress_only_gateway_id": "",
                "gateway_id": "nat-07c7b0be20df8527e",
                "ipv6_cidr_block": "",
                "local_gateway_id": "",
                "nat_gateway_id": "",
                "network_interface_id": "",
                "transit_gateway_id": "",
                "vpc_endpoint_id": "",
                "vpc_peering_connection_id": ""
              }
            ],
            "tags": {
              "Owner": "Ioann"
            },
            "tags_all": {
              "Owner": "Ioann"
            },
            "timeouts": null,
            "vpc_id": "vpc-08aae0772f83321fc"
          },
          "sensitive_attributes": [],
          "private": "eyJlMmJmYjczMC1lY2FhLTExZTYtOGY4OC0zNDM2M2JjN2M0YzAiOnsiY3JlYXRlIjozMDAwMDAwMDAwMDAsImRlbGV0ZSI6MzAwMDAwMDAwMDAwLCJ1cGRhdGUiOjEyMDAwMDAwMDAwMH19",
          "dependencies": [
            "module.vpc.aws_eip.main-nat-eip",
            "module.vpc.aws_internet_gateway.main-igw",
            "module.vpc.aws_nat_gateway.main-ngw",
            "module.vpc.aws_subnet.main-public",
            "module.vpc.aws_vpc.main"
          ]
        }
      ]
    },
    {
      "module": "module.vpc",
      "mode": "managed",
      "type": "aws_route_table",
      "name": "main-rt-public",
      "provider": "provider[\"registry.terraform.io/hashicorp/aws\"]",
      "instances": [
        {
          "schema_version": 0,
          "attributes": {
            "arn": "arn:aws:ec2:eu-central-1:708426825474:route-table/rtb-09d2ea2f735bec6bc",
            "id": "rtb-09d2ea2f735bec6bc",
            "owner_id": "708426825474",
            "propagating_vgws": [],
            "route": [
              {
                "carrier_gateway_id": "",
                "cidr_block": "0.0.0.0/0",
                "core_network_arn": "",
                "destination_prefix_list_id": "",
                "egress_only_gateway_id": "",
                "gateway_id": "igw-01a6cede00d9a1a1c",
                "ipv6_cidr_block": "",
                "local_gateway_id": "",
                "nat_gateway_id": "",
                "network_interface_id": "",
                "transit_gateway_id": "",
                "vpc_endpoint_id": "",
                "vpc_peering_connection_id": ""
              }
            ],
            "tags": {
              "Owner": "Ioann"
            },
            "tags_all": {
              "Owner": "Ioann"
            },
            "timeouts": null,
            "vpc_id": "vpc-08aae0772f83321fc"
          },
          "sensitive_attributes": [],
          "private": "eyJlMmJmYjczMC1lY2FhLTExZTYtOGY4OC0zNDM2M2JjN2M0YzAiOnsiY3JlYXRlIjozMDAwMDAwMDAwMDAsImRlbGV0ZSI6MzAwMDAwMDAwMDAwLCJ1cGRhdGUiOjEyMDAwMDAwMDAwMH19",
          "dependencies": [
            "module.vpc.aws_internet_gateway.main-igw",
            "module.vpc.aws_vpc.main"
          ]
        }
      ]
    },
    {
      "module": "module.vpc",
      "mode": "managed",
      "type": "aws_route_table_association",
      "name": "main-rt-association-private",
      "provider": "provider[\"registry.terraform.io/hashicorp/aws\"]",
      "instances": [
        {
          "index_key": 0,
          "schema_version": 0,
          "attributes": {
            "gateway_id": "",
            "id": "rtbassoc-053690ec574c49844",
            "route_table_id": "rtb-0723421c0f7e42f07",
            "subnet_id": "subnet-0c6a9ca7ccfbf5364",
            "timeouts": null
          },
          "sensitive_attributes": [],
          "private": "eyJlMmJmYjczMC1lY2FhLTExZTYtOGY4OC0zNDM2M2JjN2M0YzAiOnsiY3JlYXRlIjozMDAwMDAwMDAwMDAsImRlbGV0ZSI6MzAwMDAwMDAwMDAwLCJ1cGRhdGUiOjEyMDAwMDAwMDAwMH19",
          "dependencies": [
            "module.vpc.aws_eip.main-nat-eip",
            "module.vpc.aws_internet_gateway.main-igw",
            "module.vpc.aws_nat_gateway.main-ngw",
            "module.vpc.aws_route_table.main-rt-private",
            "module.vpc.aws_subnet.main-private",
            "module.vpc.aws_subnet.main-public",
            "module.vpc.aws_vpc.main"
          ]
        }
      ]
    },
    {
      "module": "module.vpc",
      "mode": "managed",
      "type": "aws_route_table_association",
      "name": "main-rt-association-public",
      "provider": "provider[\"registry.terraform.io/hashicorp/aws\"]",
      "instances": [
        {
          "index_key": 0,
          "schema_version": 0,
          "attributes": {
            "gateway_id": "",
            "id": "rtbassoc-0eadaa5f3d7641017",
            "route_table_id": "rtb-09d2ea2f735bec6bc",
            "subnet_id": "subnet-00b0568fb1a28152e",
            "timeouts": null
          },
          "sensitive_attributes": [],
          "private": "eyJlMmJmYjczMC1lY2FhLTExZTYtOGY4OC0zNDM2M2JjN2M0YzAiOnsiY3JlYXRlIjozMDAwMDAwMDAwMDAsImRlbGV0ZSI6MzAwMDAwMDAwMDAwLCJ1cGRhdGUiOjEyMDAwMDAwMDAwMH19",
          "dependencies": [
            "module.vpc.aws_internet_gateway.main-igw",
            "module.vpc.aws_route_table.main-rt-public",
            "module.vpc.aws_subnet.main-public",
            "module.vpc.aws_vpc.main"
          ]
        }
      ]
    },
    {
      "module": "module.vpc",
      "mode": "managed",
      "type": "aws_subnet",
      "name": "main-private",
      "provider": "provider[\"registry.terraform.io/hashicorp/aws\"]",
      "instances": [
        {
          "index_key": 0,
          "schema_version": 1,
          "attributes": {
            "arn": "arn:aws:ec2:eu-central-1:708426825474:subnet/subnet-0c6a9ca7ccfbf5364",
            "assign_ipv6_address_on_creation": false,
            "availability_zone": "eu-central-1a",
            "availability_zone_id": "euc1-az2",
            "cidr_block": "13.0.21.0/24",
            "customer_owned_ipv4_pool": "",
            "enable_dns64": false,
            "enable_lni_at_device_index": 0,
            "enable_resource_name_dns_a_record_on_launch": false,
            "enable_resource_name_dns_aaaa_record_on_launch": false,
            "id": "subnet-0c6a9ca7ccfbf5364",
            "ipv6_cidr_block": "",
            "ipv6_cidr_block_association_id": "",
            "ipv6_native": false,
            "map_customer_owned_ip_on_launch": false,
            "map_public_ip_on_launch": false,
            "outpost_arn": "",
            "owner_id": "708426825474",
            "private_dns_hostname_type_on_launch": "ip-name",
            "tags": {
              "Name": "ioann Private subnet 0",
              "Owner": "Ioann"
            },
            "tags_all": {
              "Name": "ioann Private subnet 0",
              "Owner": "Ioann"
            },
            "timeouts": null,
            "vpc_id": "vpc-08aae0772f83321fc"
          },
          "sensitive_attributes": [],
          "private": "eyJlMmJmYjczMC1lY2FhLTExZTYtOGY4OC0zNDM2M2JjN2M0YzAiOnsiY3JlYXRlIjo2MDAwMDAwMDAwMDAsImRlbGV0ZSI6MTIwMDAwMDAwMDAwMH0sInNjaGVtYV92ZXJzaW9uIjoiMSJ9",
          "dependencies": [
            "module.vpc.aws_vpc.main"
          ]
        }
      ]
    },
    {
      "module": "module.vpc",
      "mode": "managed",
      "type": "aws_subnet",
      "name": "main-public",
      "provider": "provider[\"registry.terraform.io/hashicorp/aws\"]",
      "instances": [
        {
          "index_key": 0,
          "schema_version": 1,
          "attributes": {
            "arn": "arn:aws:ec2:eu-central-1:708426825474:subnet/subnet-00b0568fb1a28152e",
            "assign_ipv6_address_on_creation": false,
            "availability_zone": "eu-central-1a",
            "availability_zone_id": "euc1-az2",
            "cidr_block": "13.0.20.0/24",
            "customer_owned_ipv4_pool": "",
            "enable_dns64": false,
            "enable_lni_at_device_index": 0,
            "enable_resource_name_dns_a_record_on_launch": false,
            "enable_resource_name_dns_aaaa_record_on_launch": false,
            "id": "subnet-00b0568fb1a28152e",
            "ipv6_cidr_block": "",
            "ipv6_cidr_block_association_id": "",
            "ipv6_native": false,
            "map_customer_owned_ip_on_launch": false,
            "map_public_ip_on_launch": true,
            "outpost_arn": "",
            "owner_id": "708426825474",
            "private_dns_hostname_type_on_launch": "ip-name",
            "tags": {
              "Name": "ioann Public subnet 1",
              "Owner": "Ioann"
            },
            "tags_all": {
              "Name": "ioann Public subnet 1",
              "Owner": "Ioann"
            },
            "timeouts": null,
            "vpc_id": "vpc-08aae0772f83321fc"
          },
          "sensitive_attributes": [],
          "private": "eyJlMmJmYjczMC1lY2FhLTExZTYtOGY4OC0zNDM2M2JjN2M0YzAiOnsiY3JlYXRlIjo2MDAwMDAwMDAwMDAsImRlbGV0ZSI6MTIwMDAwMDAwMDAwMH0sInNjaGVtYV92ZXJzaW9uIjoiMSJ9",
          "dependencies": [
            "module.vpc.aws_vpc.main"
          ]
        }
      ]
    },
    {
      "module": "module.vpc",
      "mode": "managed",
      "type": "aws_vpc",
      "name": "main",
      "provider": "provider[\"registry.terraform.io/hashicorp/aws\"]",
      "instances": [
        {
          "schema_version": 1,
          "attributes": {
            "arn": "arn:aws:ec2:eu-central-1:708426825474:vpc/vpc-08aae0772f83321fc",
            "assign_generated_ipv6_cidr_block": false,
            "cidr_block": "13.0.0.0/16",
            "default_network_acl_id": "acl-08dccba788b802bde",
            "default_route_table_id": "rtb-0bd48ac592cd41676",
            "default_security_group_id": "sg-05b6e45e8e5b8bb99",
            "dhcp_options_id": "dopt-03c76c60a5df1cacd",
            "enable_dns_hostnames": false,
            "enable_dns_support": true,
            "enable_network_address_usage_metrics": false,
            "id": "vpc-08aae0772f83321fc",
            "instance_tenancy": "default",
            "ipv4_ipam_pool_id": null,
            "ipv4_netmask_length": null,
            "ipv6_association_id": "",
            "ipv6_cidr_block": "",
            "ipv6_cidr_block_network_border_group": "",
            "ipv6_ipam_pool_id": "",
            "ipv6_netmask_length": 0,
            "main_route_table_id": "rtb-0bd48ac592cd41676",
            "owner_id": "708426825474",
            "tags": {
              "Name": "ioann-vpc",
              "Owner": "Ioann"
            },
            "tags_all": {
              "Name": "ioann-vpc",
              "Owner": "Ioann"
            }
          },
          "sensitive_attributes": [],
          "private": "eyJzY2hlbWFfdmVyc2lvbiI6IjEifQ=="
        }
      ]
    }
  ],
  "check_results": null
}
