{
  "version": 4,
  "terraform_version": "1.11.3",
  "serial": 619,
  "lineage": "a6cc2105-5823-9282-de0f-f42468fac000",
  "outputs": {
    "private_ec2_ip": {
      "value": "13.0.21.191",
      "type": "string"
    },
    "public_ec2_ip": {
      "value": "3.122.59.117",
      "type": "string"
    },
    "vpc_id": {
      "value": "vpc-0e59b6a675966b2cc",
      "type": "string"
    }
  },
  "resources": [
    {
      "mode": "data",
      "type": "aws_ami",
      "name": "amazon-linux",
      "provider": "provider[\"registry.terraform.io/hashicorp/aws\"]",
      "instances": [
        {
          "schema_version": 0,
          "attributes": {
            "architecture": "x86_64",
            "arn": "arn:aws:ec2:eu-central-1::image/ami-09f81c921aea79ede",
            "block_device_mappings": [
              {
                "device_name": "/dev/xvda",
                "ebs": {
                  "delete_on_termination": "true",
                  "encrypted": "false",
                  "iops": "3000",
                  "snapshot_id": "snap-02feb0391db71ba05",
                  "throughput": "125",
                  "volume_size": "30",
                  "volume_type": "gp3"
                },
                "no_device": "",
                "virtual_name": ""
              }
            ],
            "boot_mode": "uefi-preferred",
            "creation_date": "2025-05-06T01:48:03.000Z",
            "deprecation_time": "2027-05-06T01:48:03.000Z",
            "description": "Amazon Linux AMI 2023.0.20250505 x86_64 ECS HVM EBS",
            "ena_support": true,
            "executable_users": null,
            "filter": [
              {
                "name": "name",
                "values": [
                  "al2023-ami-*-x86_64"
                ]
              },
              {
                "name": "root-device-type",
                "values": [
                  "ebs"
                ]
              },
              {
                "name": "virtualization-type",
                "values": [
                  "hvm"
                ]
              }
            ],
            "hypervisor": "xen",
            "id": "ami-09f81c921aea79ede",
            "image_id": "ami-09f81c921aea79ede",
            "image_location": "amazon/al2023-ami-ecs-neuron-hvm-2023.0.20250505-kernel-6.1-x86_64",
            "image_owner_alias": "amazon",
            "image_type": "machine",
            "imds_support": "v2.0",
            "include_deprecated": false,
            "kernel_id": "",
            "last_launched_time": "",
            "most_recent": true,
            "name": "al2023-ami-ecs-neuron-hvm-2023.0.20250505-kernel-6.1-x86_64",
            "name_regex": null,
            "owner_id": "591542846629",
            "owners": [
              "amazon"
            ],
            "platform": "",
            "platform_details": "Linux/UNIX",
            "product_codes": [],
            "public": true,
            "ramdisk_id": "",
            "root_device_name": "/dev/xvda",
            "root_device_type": "ebs",
            "root_snapshot_id": "snap-02feb0391db71ba05",
            "sriov_net_support": "simple",
            "state": "available",
            "state_reason": {
              "code": "UNSET",
              "message": "UNSET"
            },
            "tags": {},
            "timeouts": null,
            "tpm_support": "",
            "uefi_data": null,
            "usage_operation": "RunInstances",
            "virtualization_type": "hvm"
          },
          "sensitive_attributes": []
        }
      ]
    },
    {
      "mode": "managed",
      "type": "aws_instance",
      "name": "hw-instance-private",
      "provider": "provider[\"registry.terraform.io/hashicorp/aws\"]",
      "instances": [
        {
          "schema_version": 1,
          "attributes": {
            "ami": "ami-09f81c921aea79ede",
            "arn": "arn:aws:ec2:eu-central-1:708426825474:instance/i-01196e91e8c433580",
            "associate_public_ip_address": false,
            "availability_zone": "eu-central-1a",
            "capacity_reservation_specification": [
              {
                "capacity_reservation_preference": "open",
                "capacity_reservation_target": []
              }
            ],
            "cpu_core_count": 1,
            "cpu_options": [
              {
                "amd_sev_snp": "",
                "core_count": 1,
                "threads_per_core": 2
              }
            ],
            "cpu_threads_per_core": 2,
            "credit_specification": [
              {
                "cpu_credits": "unlimited"
              }
            ],
            "disable_api_stop": false,
            "disable_api_termination": false,
            "ebs_block_device": [],
            "ebs_optimized": false,
            "enable_primary_ipv6": null,
            "enclave_options": [
              {
                "enabled": false
              }
            ],
            "ephemeral_block_device": [],
            "get_password_data": false,
            "hibernation": false,
            "host_id": "",
            "host_resource_group_arn": null,
            "iam_instance_profile": "",
            "id": "i-01196e91e8c433580",
            "instance_initiated_shutdown_behavior": "terminate",
            "instance_lifecycle": "spot",
            "instance_market_options": [
              {
                "market_type": "spot",
                "spot_options": [
                  {
                    "instance_interruption_behavior": "terminate",
                    "max_price": "0.040000",
                    "spot_instance_type": "one-time",
                    "valid_until": ""
                  }
                ]
              }
            ],
            "instance_state": "running",
            "instance_type": "t3.medium",
            "ipv6_address_count": 0,
            "ipv6_addresses": [],
            "key_name": "Ioann-sp3-keys",
            "launch_template": [],
            "maintenance_options": [
              {
                "auto_recovery": "default"
              }
            ],
            "metadata_options": [
              {
                "http_endpoint": "enabled",
                "http_protocol_ipv6": "disabled",
                "http_put_response_hop_limit": 2,
                "http_tokens": "required",
                "instance_metadata_tags": "disabled"
              }
            ],
            "monitoring": false,
            "network_interface": [],
            "outpost_arn": "",
            "password_data": "",
            "placement_group": "",
            "placement_partition_number": 0,
            "primary_network_interface_id": "eni-01ddf32ce1edca4a8",
            "private_dns": "ip-13-0-21-191.eu-central-1.compute.internal",
            "private_dns_name_options": [
              {
                "enable_resource_name_dns_a_record": false,
                "enable_resource_name_dns_aaaa_record": false,
                "hostname_type": "ip-name"
              }
            ],
            "private_ip": "13.0.21.191",
            "public_dns": "",
            "public_ip": "",
            "root_block_device": [
              {
                "delete_on_termination": true,
                "device_name": "/dev/xvda",
                "encrypted": false,
                "iops": 100,
                "kms_key_id": "",
                "tags": null,
                "tags_all": {},
                "throughput": 0,
                "volume_id": "vol-038134dcb01c0d553",
                "volume_size": 30,
                "volume_type": "gp2"
              }
            ],
            "secondary_private_ips": [],
            "security_groups": [],
            "source_dest_check": true,
            "spot_instance_request_id": "sir-qjb76n8h",
            "subnet_id": "subnet-0fb315cd280fa96a9",
            "tags": {
              "InstanceType": "spot",
              "Name": "ioann Jenkins Slave",
              "Owner": "Ioann",
              "Role": "jenkins-slave"
            },
            "tags_all": {
              "InstanceType": "spot",
              "Name": "ioann Jenkins Slave",
              "Owner": "Ioann",
              "Role": "jenkins-slave"
            },
            "tenancy": "default",
            "timeouts": null,
            "user_data": null,
            "user_data_base64": null,
            "user_data_replace_on_change": false,
            "volume_tags": null,
            "vpc_security_group_ids": [
              "sg-0ed3dbd36f1cb4e72"
            ]
          },
          "sensitive_attributes": [],
          "private": "eyJlMmJmYjczMC1lY2FhLTExZTYtOGY4OC0zNDM2M2JjN2M0YzAiOnsiY3JlYXRlIjo2MDAwMDAwMDAwMDAsImRlbGV0ZSI6MTIwMDAwMDAwMDAwMCwicmVhZCI6OTAwMDAwMDAwMDAwLCJ1cGRhdGUiOjYwMDAwMDAwMDAwMH0sInNjaGVtYV92ZXJzaW9uIjoiMSJ9",
          "dependencies": [
            "aws_key_pair.ssh-key",
            "aws_security_group.ec2-sg",
            "data.aws_ami.amazon-linux",
            "module.vpc.aws_subnet.main-private",
            "module.vpc.aws_vpc.main",
            "tls_private_key.ssh"
          ]
        }
      ]
    },
    {
      "mode": "managed",
      "type": "aws_instance",
      "name": "hw-instance-public",
      "provider": "provider[\"registry.terraform.io/hashicorp/aws\"]",
      "instances": [
        {
          "schema_version": 1,
          "attributes": {
            "ami": "ami-09f81c921aea79ede",
            "arn": "arn:aws:ec2:eu-central-1:708426825474:instance/i-0bae6260f6b932dda",
            "associate_public_ip_address": true,
            "availability_zone": "eu-central-1b",
            "capacity_reservation_specification": [
              {
                "capacity_reservation_preference": "open",
                "capacity_reservation_target": []
              }
            ],
            "cpu_core_count": 1,
            "cpu_options": [
              {
                "amd_sev_snp": "",
                "core_count": 1,
                "threads_per_core": 2
              }
            ],
            "cpu_threads_per_core": 2,
            "credit_specification": [
              {
                "cpu_credits": "unlimited"
              }
            ],
            "disable_api_stop": false,
            "disable_api_termination": false,
            "ebs_block_device": [],
            "ebs_optimized": false,
            "enable_primary_ipv6": null,
            "enclave_options": [
              {
                "enabled": false
              }
            ],
            "ephemeral_block_device": [],
            "get_password_data": false,
            "hibernation": false,
            "host_id": "",
            "host_resource_group_arn": null,
            "iam_instance_profile": "",
            "id": "i-0bae6260f6b932dda",
            "instance_initiated_shutdown_behavior": "stop",
            "instance_lifecycle": "",
            "instance_market_options": [],
            "instance_state": "running",
            "instance_type": "t3.medium",
            "ipv6_address_count": 0,
            "ipv6_addresses": [],
            "key_name": "Ioann-sp3-keys",
            "launch_template": [],
            "maintenance_options": [
              {
                "auto_recovery": "default"
              }
            ],
            "metadata_options": [
              {
                "http_endpoint": "enabled",
                "http_protocol_ipv6": "disabled",
                "http_put_response_hop_limit": 2,
                "http_tokens": "required",
                "instance_metadata_tags": "disabled"
              }
            ],
            "monitoring": false,
            "network_interface": [],
            "outpost_arn": "",
            "password_data": "",
            "placement_group": "",
            "placement_partition_number": 0,
            "primary_network_interface_id": "eni-0312f21f14a8ea604",
            "private_dns": "ip-13-0-20-6.eu-central-1.compute.internal",
            "private_dns_name_options": [
              {
                "enable_resource_name_dns_a_record": false,
                "enable_resource_name_dns_aaaa_record": false,
                "hostname_type": "ip-name"
              }
            ],
            "private_ip": "13.0.20.6",
            "public_dns": "",
            "public_ip": "3.122.59.117",
            "root_block_device": [
              {
                "delete_on_termination": true,
                "device_name": "/dev/xvda",
                "encrypted": false,
                "iops": 100,
                "kms_key_id": "",
                "tags": null,
                "tags_all": {},
                "throughput": 0,
                "volume_id": "vol-02e45ae1ca11c8759",
                "volume_size": 30,
                "volume_type": "gp2"
              }
            ],
            "secondary_private_ips": [],
            "security_groups": [],
            "source_dest_check": true,
            "spot_instance_request_id": "",
            "subnet_id": "subnet-048fe36b1898671f8",
            "tags": {
              "Name": "ioann Jenkins Master",
              "Owner": "Ioann",
              "Role": "jenkins-master"
            },
            "tags_all": {
              "Name": "ioann Jenkins Master",
              "Owner": "Ioann",
              "Role": "jenkins-master"
            },
            "tenancy": "default",
            "timeouts": null,
            "user_data": null,
            "user_data_base64": null,
            "user_data_replace_on_change": false,
            "volume_tags": null,
            "vpc_security_group_ids": [
              "sg-0ed3dbd36f1cb4e72"
            ]
          },
          "sensitive_attributes": [],
          "private": "eyJlMmJmYjczMC1lY2FhLTExZTYtOGY4OC0zNDM2M2JjN2M0YzAiOnsiY3JlYXRlIjo2MDAwMDAwMDAwMDAsImRlbGV0ZSI6MTIwMDAwMDAwMDAwMCwicmVhZCI6OTAwMDAwMDAwMDAwLCJ1cGRhdGUiOjYwMDAwMDAwMDAwMH0sInNjaGVtYV92ZXJzaW9uIjoiMSJ9",
          "dependencies": [
            "aws_key_pair.ssh-key",
            "aws_security_group.ec2-sg",
            "data.aws_ami.amazon-linux",
            "module.vpc.aws_subnet.main-public",
            "module.vpc.aws_vpc.main",
            "tls_private_key.ssh"
          ]
        }
      ]
    },
    {
      "mode": "managed",
      "type": "aws_key_pair",
      "name": "ssh-key",
      "provider": "provider[\"registry.terraform.io/hashicorp/aws\"]",
      "instances": [
        {
          "schema_version": 1,
          "attributes": {
            "arn": "arn:aws:ec2:eu-central-1:708426825474:key-pair/Ioann-sp3-keys",
            "fingerprint": "10:ff:a0:c3:24:ee:17:92:7c:e5:f8:42:81:21:09:78",
            "id": "Ioann-sp3-keys",
            "key_name": "Ioann-sp3-keys",
            "key_name_prefix": "",
            "key_pair_id": "key-08ec72b4035bdebfa",
            "key_type": "rsa",
            "public_key": "ssh-rsa AAAAB3NzaC1yc2EAAAADAQABAAACAQDCSfkWDOTsdPKNUQqOjTESp3aAuN7qjwPV3NrTh7S80RBsae96WpDDha2JUnWOxYmtazqGclhND7RtexAAAvQdtY23d6gR8ZIN2+b+vmXx/14iPjmEZWZa5XHcS9nYjI7yk43yAjuJtndIMZY8xjN8n+Wbmgp+U3DpBqoOPP2MKSeq9IvxW+kutlgTZ+auA8tRXSwZl98OWz0MQQ4mGqrhX9BocfiT6gf1gPullwGdWjGnHgMccpGMSHv2EcQEMq1IHr46kEe6fsu9VD/jKC/YbjpHkjrCleaKpCxx4gyQ/0T3VX3SSjXmbsCs0hxZzo773PRMvwxIZJDBo0X3Z7k87J/OVx8pxsEEdtHfE4f2bpAipNB4BM5+wzXa9q/OYoYnERDFSERRPg3xTNxUx6JMlUDYMPThPKh09kVcScIr6cHoCHqMIhqrn62K47Zalp/q/FN/1nJHzHOPIGRiLaWpVw736ACa2jx/JQgvay5852M9JBgZIB43ihA6OAG0N3dkCVhkIfXBmwvZKMyfgHRJjqFxQ0Bgca4K002h8TkiXTMuTCuZ8B1IF1HoR+tlU0mlHz3QlsiPdyPbUnewNflkJjombxSKHYItk46ribPzQeqtiu0cM1VZZecI0IbOr6tITkJOp1JGObD+3Ne7aH+YWnTIvlohyz7BKD4QyMemlw==",
            "tags": null,
            "tags_all": {}
          },
          "sensitive_attributes": [],
          "private": "eyJzY2hlbWFfdmVyc2lvbiI6IjEifQ==",
          "dependencies": [
            "tls_private_key.ssh"
          ]
        }
      ]
    },
    {
      "mode": "managed",
      "type": "aws_s3_bucket",
      "name": "terraform_state",
      "provider": "provider[\"registry.terraform.io/hashicorp/aws\"]",
      "instances": [
        {
          "schema_version": 0,
          "attributes": {
            "acceleration_status": "",
            "acl": null,
            "arn": "arn:aws:s3:::ioann-jenkins-terraform-state",
            "bucket": "ioann-jenkins-terraform-state",
            "bucket_domain_name": "ioann-jenkins-terraform-state.s3.amazonaws.com",
            "bucket_prefix": "",
            "bucket_regional_domain_name": "ioann-jenkins-terraform-state.s3.eu-central-1.amazonaws.com",
            "cors_rule": [],
            "force_destroy": false,
            "grant": [
              {
                "id": "36ccdf4a8fa3de16437bbb7448782cdd3ae57e296025ade9e0b079b0f4c9fef3",
                "permissions": [
                  "FULL_CONTROL"
                ],
                "type": "CanonicalUser",
                "uri": ""
              }
            ],
            "hosted_zone_id": "Z21DNDUVLTQW6Q",
            "id": "ioann-jenkins-terraform-state",
            "lifecycle_rule": [],
            "logging": [],
            "object_lock_configuration": [],
            "object_lock_enabled": false,
            "policy": "",
            "region": "eu-central-1",
            "replication_configuration": [],
            "request_payer": "BucketOwner",
            "server_side_encryption_configuration": [
              {
                "rule": [
                  {
                    "apply_server_side_encryption_by_default": [
                      {
                        "kms_master_key_id": "",
                        "sse_algorithm": "AES256"
                      }
                    ],
                    "bucket_key_enabled": false
                  }
                ]
              }
            ],
            "tags": null,
            "tags_all": {},
            "timeouts": null,
            "versioning": [
              {
                "enabled": false,
                "mfa_delete": false
              }
            ],
            "website": [],
            "website_domain": null,
            "website_endpoint": null
          },
          "sensitive_attributes": [],
          "private": "eyJlMmJmYjczMC1lY2FhLTExZTYtOGY4OC0zNDM2M2JjN2M0YzAiOnsiY3JlYXRlIjoxMjAwMDAwMDAwMDAwLCJkZWxldGUiOjM2MDAwMDAwMDAwMDAsInJlYWQiOjEyMDAwMDAwMDAwMDAsInVwZGF0ZSI6MTIwMDAwMDAwMDAwMH19"
        }
      ]
    },
    {
      "mode": "managed",
      "type": "aws_s3_bucket_ownership_controls",
      "name": "terraform_state",
      "provider": "provider[\"registry.terraform.io/hashicorp/aws\"]",
      "instances": [
        {
          "schema_version": 0,
          "attributes": {
            "bucket": "ioann-jenkins-terraform-state",
            "id": "ioann-jenkins-terraform-state",
            "rule": [
              {
                "object_ownership": "BucketOwnerPreferred"
              }
            ]
          },
          "sensitive_attributes": [],
          "private": "bnVsbA==",
          "dependencies": [
            "aws_s3_bucket.terraform_state"
          ]
        }
      ]
    },
    {
      "mode": "managed",
      "type": "aws_s3_bucket_policy",
      "name": "terraform_state_policy",
      "provider": "provider[\"registry.terraform.io/hashicorp/aws\"]",
      "instances": [
        {
          "schema_version": 0,
          "attributes": {
            "bucket": "ioann-jenkins-terraform-state",
            "id": "ioann-jenkins-terraform-state",
            "policy": "{\"Statement\":[{\"Action\":\"s3:*\",\"Effect\":\"Allow\",\"Principal\":{\"AWS\":\"arn:aws:iam::708426825474:root\"},\"Resource\":[\"arn:aws:s3:::ioann-jenkins-terraform-state\",\"arn:aws:s3:::ioann-jenkins-terraform-state/*\"],\"Sid\":\"AllowAccountAccess\"}],\"Version\":\"2012-10-17\"}"
          },
          "sensitive_attributes": [],
          "private": "bnVsbA==",
          "dependencies": [
            "aws_s3_bucket.terraform_state"
          ]
        }
      ]
    },
    {
      "mode": "managed",
      "type": "aws_s3_bucket_server_side_encryption_configuration",
      "name": "terraform_state",
      "provider": "provider[\"registry.terraform.io/hashicorp/aws\"]",
      "instances": [
        {
          "schema_version": 0,
          "attributes": {
            "bucket": "ioann-jenkins-terraform-state",
            "expected_bucket_owner": "",
            "id": "ioann-jenkins-terraform-state",
            "rule": [
              {
                "apply_server_side_encryption_by_default": [
                  {
                    "kms_master_key_id": "",
                    "sse_algorithm": "AES256"
                  }
                ],
                "bucket_key_enabled": null
              }
            ]
          },
          "sensitive_attributes": [],
          "private": "bnVsbA==",
          "dependencies": [
            "aws_s3_bucket.terraform_state"
          ]
        }
      ]
    },
    {
      "mode": "managed",
      "type": "aws_s3_bucket_versioning",
      "name": "terraform_state",
      "provider": "provider[\"registry.terraform.io/hashicorp/aws\"]",
      "instances": [
        {
          "schema_version": 0,
          "attributes": {
            "bucket": "ioann-jenkins-terraform-state",
            "expected_bucket_owner": "",
            "id": "ioann-jenkins-terraform-state",
            "mfa": null,
            "versioning_configuration": [
              {
                "mfa_delete": "",
                "status": "Enabled"
              }
            ]
          },
          "sensitive_attributes": [],
          "private": "bnVsbA==",
          "dependencies": [
            "aws_s3_bucket.terraform_state"
          ]
        }
      ]
    },
    {
      "mode": "managed",
      "type": "aws_security_group",
      "name": "ec2-sg",
      "provider": "provider[\"registry.terraform.io/hashicorp/aws\"]",
      "instances": [
        {
          "schema_version": 1,
          "attributes": {
            "arn": "arn:aws:ec2:eu-central-1:708426825474:security-group/sg-0ed3dbd36f1cb4e72",
            "description": "Managed by Terraform",
            "egress": [
              {
                "cidr_blocks": [
                  "0.0.0.0/0"
                ],
                "description": "",
                "from_port": 0,
                "ipv6_cidr_blocks": [],
                "prefix_list_ids": [],
                "protocol": "-1",
                "security_groups": [],
                "self": false,
                "to_port": 0
              }
            ],
            "id": "sg-0ed3dbd36f1cb4e72",
            "ingress": [
              {
                "cidr_blocks": [
                  "0.0.0.0/0"
                ],
                "description": "",
                "from_port": 22,
                "ipv6_cidr_blocks": [],
                "prefix_list_ids": [],
                "protocol": "tcp",
                "security_groups": [],
                "self": false,
                "to_port": 22
              },
              {
                "cidr_blocks": [
                  "0.0.0.0/0"
                ],
                "description": "",
                "from_port": 50000,
                "ipv6_cidr_blocks": [],
                "prefix_list_ids": [],
                "protocol": "tcp",
                "security_groups": [],
                "self": false,
                "to_port": 50000
              },
              {
                "cidr_blocks": [
                  "0.0.0.0/0"
                ],
                "description": "",
                "from_port": 8080,
                "ipv6_cidr_blocks": [],
                "prefix_list_ids": [],
                "protocol": "tcp",
                "security_groups": [],
                "self": false,
                "to_port": 8080
              },
              {
                "cidr_blocks": [
                  "0.0.0.0/0"
                ],
                "description": "",
                "from_port": 80,
                "ipv6_cidr_blocks": [],
                "prefix_list_ids": [],
                "protocol": "tcp",
                "security_groups": [],
                "self": false,
                "to_port": 80
              },
              {
                "cidr_blocks": [
                  "13.0.0.0/16"
                ],
                "description": "",
                "from_port": 0,
                "ipv6_cidr_blocks": [],
                "prefix_list_ids": [],
                "protocol": "-1",
                "security_groups": [],
                "self": false,
                "to_port": 0
              }
            ],
            "name": "EC2-SSH-HTTP",
            "name_prefix": "",
            "owner_id": "708426825474",
            "revoke_rules_on_delete": false,
            "tags": {
              "Name": "Jenkins-SG",
              "Owner": "Ioann"
            },
            "tags_all": {
              "Name": "Jenkins-SG",
              "Owner": "Ioann"
            },
            "timeouts": null,
            "vpc_id": "vpc-0e59b6a675966b2cc"
          },
          "sensitive_attributes": [],
          "private": "eyJlMmJmYjczMC1lY2FhLTExZTYtOGY4OC0zNDM2M2JjN2M0YzAiOnsiY3JlYXRlIjo2MDAwMDAwMDAwMDAsImRlbGV0ZSI6OTAwMDAwMDAwMDAwfSwic2NoZW1hX3ZlcnNpb24iOiIxIn0=",
          "dependencies": [
            "module.vpc.aws_vpc.main"
          ]
        }
      ]
    },
    {
      "mode": "managed",
      "type": "local_file",
      "name": "ssh-key",
      "provider": "provider[\"registry.terraform.io/hashicorp/local\"]",
      "instances": [
        {
          "schema_version": 0,
          "attributes": {
            "content": "-----BEGIN OPENSSH PRIVATE KEY-----\nb3BlbnNzaC1rZXktdjEAAAAABG5vbmUAAAAEbm9uZQAAAAAAAAABAAACFwAAAAdz\nc2gtcnNhAAAAAwEAAQAAAgEAwkn5Fgzk7HTyjVEKjo0xEqd2gLje6o8D1dza04e0\nvNEQbGnvelqQw4WtiVJ1jsWJrWs6hnJYTQ+0bXsQAAL0HbWNt3eoEfGSDdvm/r5l\n8f9eIj45hGVmWuVx3EvZ2IyO8pON8gI7ibZ3SDGWPMYzfJ/lm5oKflNw6QaqDjz9\njCknqvSL8VvpLrZYE2fmrgPLUV0sGZffDls9DEEOJhqq4V/QaHH4k+oH9YD7pZcB\nnVoxpx4DHHKRjEh79hHEBDKtSB6+OpBHun7LvVQ/4ygv2G46R5I6wpXmiqQsceIM\nkP9E91V90ko15m7ArNIcWc6O+9z0TL8MSGSQwaNF92e5POyfzlcfKcbBBHbR3xOH\n9m6QIqTQeATOfsM12vavzmKGJxEQxUhEUT4N8UzcVMeiTJVA2DD04TyodPZFXEnC\nK+nB6Ah6jCIaq5+tiuO2Wpaf6vxTf9ZyR8xzjyBkYi2lqVcO9+gAmto8fyUIL2su\nfOdjPSQYGSAeN4oQOjgBtDd3ZAlYZCH1wZsL2SjMn4B0SY6hcUNAYHGuCtNNofE5\nIl0zLkwrmfAdSBdR6EfrZVNJpR890JbIj3cj21J3sDX5ZCY6Jm8Uih2CLZOOq4mz\n80HqrYrtHDNVWWXnCNCGzq+rSE5CTqdSRjmw/tzXu2h/mFp0yL5aIcs+wSg+EMjH\nppcAAAc4AI4uUgCOLlIAAAAHc3NoLXJzYQAAAgEAwkn5Fgzk7HTyjVEKjo0xEqd2\ngLje6o8D1dza04e0vNEQbGnvelqQw4WtiVJ1jsWJrWs6hnJYTQ+0bXsQAAL0HbWN\nt3eoEfGSDdvm/r5l8f9eIj45hGVmWuVx3EvZ2IyO8pON8gI7ibZ3SDGWPMYzfJ/l\nm5oKflNw6QaqDjz9jCknqvSL8VvpLrZYE2fmrgPLUV0sGZffDls9DEEOJhqq4V/Q\naHH4k+oH9YD7pZcBnVoxpx4DHHKRjEh79hHEBDKtSB6+OpBHun7LvVQ/4ygv2G46\nR5I6wpXmiqQsceIMkP9E91V90ko15m7ArNIcWc6O+9z0TL8MSGSQwaNF92e5POyf\nzlcfKcbBBHbR3xOH9m6QIqTQeATOfsM12vavzmKGJxEQxUhEUT4N8UzcVMeiTJVA\n2DD04TyodPZFXEnCK+nB6Ah6jCIaq5+tiuO2Wpaf6vxTf9ZyR8xzjyBkYi2lqVcO\n9+gAmto8fyUIL2sufOdjPSQYGSAeN4oQOjgBtDd3ZAlYZCH1wZsL2SjMn4B0SY6h\ncUNAYHGuCtNNofE5Il0zLkwrmfAdSBdR6EfrZVNJpR890JbIj3cj21J3sDX5ZCY6\nJm8Uih2CLZOOq4mz80HqrYrtHDNVWWXnCNCGzq+rSE5CTqdSRjmw/tzXu2h/mFp0\nyL5aIcs+wSg+EMjHppcAAAADAQABAAACAA0OU4K70xZgtXvxmjgCHO4X+sqjobc5\nbRSOBtZ4JBkcI3JlnAYo19mLviGgPO4fMCVLM1+dh3mGOKWyw1x81lK4xJEzpUOv\nbBUqVdeAi/E7K+Q5MjxHZB1vlbssDbOTnneGmt9MbxvN+y4KxwHGf+c8B33xWAst\nKEVAgWT7jD5C9btzO4Q4nO7aqgiDzuiasKsDC9eccQzR7MRKCt1cpWcHvUWHgyDN\ndUN2K3LxNtaQHQ4R4jujJ0y6AjqC7x0pGqPiDP56e5d4tdA/PRvSs4Rjw97TYMd6\ns0dVyPbOLfIAdW35fL8I5Z5aivASHn2ad9lM+828eOLUfzXD9wutGLF1U9OABAtD\nztol2LSMkuaxgzwcWMb7aBylG9qWt6RT5e9YvhhOL3NLspFtjsAR0LrOugkprMWQ\nZuv+HHhHn8ffLiBfWsL7SmL5Ai8D7Cu+/2Q8WJ3YNgLhiQk6T5v8NU4cerTfWily\nNKeSAuMy/4Y7u97pBbIq/oWhpF7Yt8k1mB4OJi8PRK5Cb6WiJ511TwLbEp74ER9e\nEmx9TDoWbKQ5hoP0KH4yU4pZkdw9h9Ysa4vvlw5LiQNJU4YQvttyZpCxb2w9sqlN\nQCAfaJsllDJPmYlLQfcORS4s+YzkBpByouGtMG1/oS3LUq954lhKQZET15kK37OG\ngMAcQ8gTaZahAAABAA2YvVXtv0v8Lz1E0K5wqqEtFmjKaQ3++5zeb2o4H4+11Fr8\npdK8XGf8dmH+3mURpsCt2pmex4fYEmdIsn5cAgh9yuA7IAyb6pkzbQbOjKUp5CtF\nCbi18ijlgVpTYS1lKd++5zj5Tb3x8DloLWMn0fYTs0vXfaLgyYtYI1FzbyB4GXPJ\ngMypGi7By5E9gj/atIHZ/VeF5gEljARw2vsAa3QK1YSPOw9ihygm087lI+4iBOAQ\nzUQznykdgikqLwwssapKfE0uhLDL5BHuh4yDh87w4S0c1Fs3xkG5l3KaOVIYZiFY\nurYMQnQHR7EkwxqBL8fPNUiucSkYFPQP5Tz5qSYAAAEBAM4HabJsMzfY0lI2GLdY\neaG7BzDbh6Gk0ufJPknoBIRQlTdcNw0Uoun4uiLmSXlIVwapGZFH80qr57rxiz10\nrm0AeRHi7HilS7aCJ2DqGt58X5dH7Eo0GhbKC43cJfmGZ4ZJHLRPa6Y8Gn1+cegi\nl/wb/eCArQq7DnFSZE2qzop30H//AaKjbKPOweWfQ8I+Mpwu6sfVkpnWJ2+pKCCz\nuvw58RWpsNC8lgjCt2hrViM1WTsfwHznQ8KkRUwAlRNlk+GPx06sWjspqLb4/FW7\nfSOsGGETTRjF3EvqOtmasXCDy3SgpCfb9oW3r9LfKVxGog2rfXFcM3WuOcuf2RyQ\nwLUAAAEBAPFpm/3Hd2Fxf8NAQcBuiroefObEnV5VJhbrWcscP1C1Q81MU9p5TWs5\n4zfm1gbsLO1pA+4nRu4874aiu6awkj3cMuNYAtOyZQ+zLTZY8LZUL1Vqx9DX7KGr\nrbIbDT75r+ygkzwea6LKHR36cKwLIAVuJ/XlXLKHKgRlc392LL7TL6fLetO9btON\niY41DcvnBlE6XsxT0WCw6MDW968c2aaRrv2D3cxEwRsaXNqc6JNDefq65suP+9Dv\nOqF/7i+2vl1OMqah6L1K9AgF100e1TqeytQYdC0l5onX9WaPxyViS8kAJMxE72mK\nd+27D1bAjr+cInd/xJX0l1ir6oY3tZsAAAAAAQID\n-----END OPENSSH PRIVATE KEY-----\n",
            "content_base64": null,
            "content_base64sha256": "VSSFuZtpRww0UYTuEU+27wzFf6FO+4dxuuRFeXBWzqQ=",
            "content_base64sha512": "2agxvLcufhuTfxCSHvzbgSBSClhLcSJizDUYq/+hE05Gk4sqEMzbnttHC5etHr8irlAUIiYOopLUfKZUzoiBpQ==",
            "content_md5": "3de2fb8392828d69b552bbf61e5048dd",
            "content_sha1": "39b88b1625480241138a2898fb3f6ecc776733a6",
            "content_sha256": "552485b99b69470c345184ee114fb6ef0cc57fa14efb8771bae445797056cea4",
            "content_sha512": "d9a831bcb72e7e1b937f10921efcdb8120520a584b712262cc3518abffa1134e46938b2a10ccdb9edb470b97ad1ebf22ae501422260ea292d47ca654ce8881a5",
            "directory_permission": "0777",
            "file_permission": "0400",
            "filename": "./ioann-private.key",
            "id": "39b88b1625480241138a2898fb3f6ecc776733a6",
            "sensitive_content": null,
            "source": null
          },
          "sensitive_attributes": [
            [
              {
                "type": "get_attr",
                "value": "sensitive_content"
              }
            ],
            [
              {
                "type": "get_attr",
                "value": "content"
              }
            ]
          ],
          "dependencies": [
            "tls_private_key.ssh"
          ]
        }
      ]
    },
    {
      "mode": "managed",
      "type": "tls_private_key",
      "name": "ssh",
      "provider": "provider[\"registry.terraform.io/hashicorp/tls\"]",
      "instances": [
        {
          "schema_version": 1,
          "attributes": {
            "algorithm": "RSA",
            "ecdsa_curve": "P224",
            "id": "f8eb8f0ec8348350d3773195412907f15ac1c972",
            "private_key_openssh": "-----BEGIN OPENSSH PRIVATE KEY-----\nb3BlbnNzaC1rZXktdjEAAAAABG5vbmUAAAAEbm9uZQAAAAAAAAABAAACFwAAAAdz\nc2gtcnNhAAAAAwEAAQAAAgEAwkn5Fgzk7HTyjVEKjo0xEqd2gLje6o8D1dza04e0\nvNEQbGnvelqQw4WtiVJ1jsWJrWs6hnJYTQ+0bXsQAAL0HbWNt3eoEfGSDdvm/r5l\n8f9eIj45hGVmWuVx3EvZ2IyO8pON8gI7ibZ3SDGWPMYzfJ/lm5oKflNw6QaqDjz9\njCknqvSL8VvpLrZYE2fmrgPLUV0sGZffDls9DEEOJhqq4V/QaHH4k+oH9YD7pZcB\nnVoxpx4DHHKRjEh79hHEBDKtSB6+OpBHun7LvVQ/4ygv2G46R5I6wpXmiqQsceIM\nkP9E91V90ko15m7ArNIcWc6O+9z0TL8MSGSQwaNF92e5POyfzlcfKcbBBHbR3xOH\n9m6QIqTQeATOfsM12vavzmKGJxEQxUhEUT4N8UzcVMeiTJVA2DD04TyodPZFXEnC\nK+nB6Ah6jCIaq5+tiuO2Wpaf6vxTf9ZyR8xzjyBkYi2lqVcO9+gAmto8fyUIL2su\nfOdjPSQYGSAeN4oQOjgBtDd3ZAlYZCH1wZsL2SjMn4B0SY6hcUNAYHGuCtNNofE5\nIl0zLkwrmfAdSBdR6EfrZVNJpR890JbIj3cj21J3sDX5ZCY6Jm8Uih2CLZOOq4mz\n80HqrYrtHDNVWWXnCNCGzq+rSE5CTqdSRjmw/tzXu2h/mFp0yL5aIcs+wSg+EMjH\nppcAAAc4AI4uUgCOLlIAAAAHc3NoLXJzYQAAAgEAwkn5Fgzk7HTyjVEKjo0xEqd2\ngLje6o8D1dza04e0vNEQbGnvelqQw4WtiVJ1jsWJrWs6hnJYTQ+0bXsQAAL0HbWN\nt3eoEfGSDdvm/r5l8f9eIj45hGVmWuVx3EvZ2IyO8pON8gI7ibZ3SDGWPMYzfJ/l\nm5oKflNw6QaqDjz9jCknqvSL8VvpLrZYE2fmrgPLUV0sGZffDls9DEEOJhqq4V/Q\naHH4k+oH9YD7pZcBnVoxpx4DHHKRjEh79hHEBDKtSB6+OpBHun7LvVQ/4ygv2G46\nR5I6wpXmiqQsceIMkP9E91V90ko15m7ArNIcWc6O+9z0TL8MSGSQwaNF92e5POyf\nzlcfKcbBBHbR3xOH9m6QIqTQeATOfsM12vavzmKGJxEQxUhEUT4N8UzcVMeiTJVA\n2DD04TyodPZFXEnCK+nB6Ah6jCIaq5+tiuO2Wpaf6vxTf9ZyR8xzjyBkYi2lqVcO\n9+gAmto8fyUIL2sufOdjPSQYGSAeN4oQOjgBtDd3ZAlYZCH1wZsL2SjMn4B0SY6h\ncUNAYHGuCtNNofE5Il0zLkwrmfAdSBdR6EfrZVNJpR890JbIj3cj21J3sDX5ZCY6\nJm8Uih2CLZOOq4mz80HqrYrtHDNVWWXnCNCGzq+rSE5CTqdSRjmw/tzXu2h/mFp0\nyL5aIcs+wSg+EMjHppcAAAADAQABAAACAA0OU4K70xZgtXvxmjgCHO4X+sqjobc5\nbRSOBtZ4JBkcI3JlnAYo19mLviGgPO4fMCVLM1+dh3mGOKWyw1x81lK4xJEzpUOv\nbBUqVdeAi/E7K+Q5MjxHZB1vlbssDbOTnneGmt9MbxvN+y4KxwHGf+c8B33xWAst\nKEVAgWT7jD5C9btzO4Q4nO7aqgiDzuiasKsDC9eccQzR7MRKCt1cpWcHvUWHgyDN\ndUN2K3LxNtaQHQ4R4jujJ0y6AjqC7x0pGqPiDP56e5d4tdA/PRvSs4Rjw97TYMd6\ns0dVyPbOLfIAdW35fL8I5Z5aivASHn2ad9lM+828eOLUfzXD9wutGLF1U9OABAtD\nztol2LSMkuaxgzwcWMb7aBylG9qWt6RT5e9YvhhOL3NLspFtjsAR0LrOugkprMWQ\nZuv+HHhHn8ffLiBfWsL7SmL5Ai8D7Cu+/2Q8WJ3YNgLhiQk6T5v8NU4cerTfWily\nNKeSAuMy/4Y7u97pBbIq/oWhpF7Yt8k1mB4OJi8PRK5Cb6WiJ511TwLbEp74ER9e\nEmx9TDoWbKQ5hoP0KH4yU4pZkdw9h9Ysa4vvlw5LiQNJU4YQvttyZpCxb2w9sqlN\nQCAfaJsllDJPmYlLQfcORS4s+YzkBpByouGtMG1/oS3LUq954lhKQZET15kK37OG\ngMAcQ8gTaZahAAABAA2YvVXtv0v8Lz1E0K5wqqEtFmjKaQ3++5zeb2o4H4+11Fr8\npdK8XGf8dmH+3mURpsCt2pmex4fYEmdIsn5cAgh9yuA7IAyb6pkzbQbOjKUp5CtF\nCbi18ijlgVpTYS1lKd++5zj5Tb3x8DloLWMn0fYTs0vXfaLgyYtYI1FzbyB4GXPJ\ngMypGi7By5E9gj/atIHZ/VeF5gEljARw2vsAa3QK1YSPOw9ihygm087lI+4iBOAQ\nzUQznykdgikqLwwssapKfE0uhLDL5BHuh4yDh87w4S0c1Fs3xkG5l3KaOVIYZiFY\nurYMQnQHR7EkwxqBL8fPNUiucSkYFPQP5Tz5qSYAAAEBAM4HabJsMzfY0lI2GLdY\neaG7BzDbh6Gk0ufJPknoBIRQlTdcNw0Uoun4uiLmSXlIVwapGZFH80qr57rxiz10\nrm0AeRHi7HilS7aCJ2DqGt58X5dH7Eo0GhbKC43cJfmGZ4ZJHLRPa6Y8Gn1+cegi\nl/wb/eCArQq7DnFSZE2qzop30H//AaKjbKPOweWfQ8I+Mpwu6sfVkpnWJ2+pKCCz\nuvw58RWpsNC8lgjCt2hrViM1WTsfwHznQ8KkRUwAlRNlk+GPx06sWjspqLb4/FW7\nfSOsGGETTRjF3EvqOtmasXCDy3SgpCfb9oW3r9LfKVxGog2rfXFcM3WuOcuf2RyQ\nwLUAAAEBAPFpm/3Hd2Fxf8NAQcBuiroefObEnV5VJhbrWcscP1C1Q81MU9p5TWs5\n4zfm1gbsLO1pA+4nRu4874aiu6awkj3cMuNYAtOyZQ+zLTZY8LZUL1Vqx9DX7KGr\nrbIbDT75r+ygkzwea6LKHR36cKwLIAVuJ/XlXLKHKgRlc392LL7TL6fLetO9btON\niY41DcvnBlE6XsxT0WCw6MDW968c2aaRrv2D3cxEwRsaXNqc6JNDefq65suP+9Dv\nOqF/7i+2vl1OMqah6L1K9AgF100e1TqeytQYdC0l5onX9WaPxyViS8kAJMxE72mK\nd+27D1bAjr+cInd/xJX0l1ir6oY3tZsAAAAAAQID\n-----END OPENSSH PRIVATE KEY-----\n",
            "private_key_pem": "-----BEGIN RSA PRIVATE KEY-----\nMIIJJwIBAAKCAgEAwkn5Fgzk7HTyjVEKjo0xEqd2gLje6o8D1dza04e0vNEQbGnv\nelqQw4WtiVJ1jsWJrWs6hnJYTQ+0bXsQAAL0HbWNt3eoEfGSDdvm/r5l8f9eIj45\nhGVmWuVx3EvZ2IyO8pON8gI7ibZ3SDGWPMYzfJ/lm5oKflNw6QaqDjz9jCknqvSL\n8VvpLrZYE2fmrgPLUV0sGZffDls9DEEOJhqq4V/QaHH4k+oH9YD7pZcBnVoxpx4D\nHHKRjEh79hHEBDKtSB6+OpBHun7LvVQ/4ygv2G46R5I6wpXmiqQsceIMkP9E91V9\n0ko15m7ArNIcWc6O+9z0TL8MSGSQwaNF92e5POyfzlcfKcbBBHbR3xOH9m6QIqTQ\neATOfsM12vavzmKGJxEQxUhEUT4N8UzcVMeiTJVA2DD04TyodPZFXEnCK+nB6Ah6\njCIaq5+tiuO2Wpaf6vxTf9ZyR8xzjyBkYi2lqVcO9+gAmto8fyUIL2sufOdjPSQY\nGSAeN4oQOjgBtDd3ZAlYZCH1wZsL2SjMn4B0SY6hcUNAYHGuCtNNofE5Il0zLkwr\nmfAdSBdR6EfrZVNJpR890JbIj3cj21J3sDX5ZCY6Jm8Uih2CLZOOq4mz80HqrYrt\nHDNVWWXnCNCGzq+rSE5CTqdSRjmw/tzXu2h/mFp0yL5aIcs+wSg+EMjHppcCAwEA\nAQKCAgANDlOCu9MWYLV78Zo4AhzuF/rKo6G3OW0UjgbWeCQZHCNyZZwGKNfZi74h\noDzuHzAlSzNfnYd5hjilssNcfNZSuMSRM6VDr2wVKlXXgIvxOyvkOTI8R2Qdb5W7\nLA2zk553hprfTG8bzfsuCscBxn/nPAd98VgLLShFQIFk+4w+QvW7czuEOJzu2qoI\ng87omrCrAwvXnHEM0ezESgrdXKVnB71Fh4MgzXVDdity8TbWkB0OEeI7oydMugI6\ngu8dKRqj4gz+enuXeLXQPz0b0rOEY8Pe02DHerNHVcj2zi3yAHVt+Xy/COWeWorw\nEh59mnfZTPvNvHji1H81w/cLrRixdVPTgAQLQ87aJdi0jJLmsYM8HFjG+2gcpRva\nlrekU+XvWL4YTi9zS7KRbY7AEdC6zroJKazFkGbr/hx4R5/H3y4gX1rC+0pi+QIv\nA+wrvv9kPFid2DYC4YkJOk+b/DVOHHq031opcjSnkgLjMv+GO7ve6QWyKv6FoaRe\n2LfJNZgeDiYvD0SuQm+loieddU8C2xKe+BEfXhJsfUw6FmykOYaD9Ch+MlOKWZHc\nPYfWLGuL75cOS4kDSVOGEL7bcmaQsW9sPbKpTUAgH2ibJZQyT5mJS0H3DkUuLPmM\n5AaQcqLhrTBtf6Ety1KveeJYSkGRE9eZCt+zhoDAHEPIE2mWoQKCAQEAzgdpsmwz\nN9jSUjYYt1h5obsHMNuHoaTS58k+SegEhFCVN1w3DRSi6fi6IuZJeUhXBqkZkUfz\nSqvnuvGLPXSubQB5EeLseKVLtoInYOoa3nxfl0fsSjQaFsoLjdwl+YZnhkkctE9r\npjwafX5x6CKX/Bv94ICtCrsOcVJkTarOinfQf/8BoqNso87B5Z9Dwj4ynC7qx9WS\nmdYnb6koILO6/DnxFamw0LyWCMK3aGtWIzVZOx/AfOdDwqRFTACVE2WT4Y/HTqxa\nOymotvj8Vbt9I6wYYRNNGMXcS+o62ZqxcIPLdKCkJ9v2hbev0t8pXEaiDat9cVwz\nda45y5/ZHJDAtQKCAQEA8Wmb/cd3YXF/w0BBwG6Kuh585sSdXlUmFutZyxw/ULVD\nzUxT2nlNaznjN+bWBuws7WkD7idG7jzvhqK7prCSPdwy41gC07JlD7MtNljwtlQv\nVWrH0NfsoautshsNPvmv7KCTPB5rosodHfpwrAsgBW4n9eVcsocqBGVzf3YsvtMv\np8t6071u042JjjUNy+cGUTpezFPRYLDowNb3rxzZppGu/YPdzETBGxpc2pzok0N5\n+rrmy4/70O86oX/uL7a+XU4ypqHovUr0CAXXTR7VOp7K1Bh0LSXmidf1Zo/HJWJL\nyQAkzETvaYp37bsPVsCOv5wid3/ElfSXWKvqhje1mwKCAQAw/dJEezYysXxR0EtQ\nTdmee7raA1ndNjRwqYoGSQXJ8N+KqoLsuVuEB4E7i0ctb+ZBzzQlN9bCit4vtgBG\nPNi9Ur93YV6Z0bSPUaPLh9+byDdy4cduXbVWdfUJZrAhBbTYWcpZlgkjHmeuL8Mm\nUBOT/5P/Lpn3U0O77rurPFKg2pzZ0umwouvSh/fTgmu6ZM/kE8QAgOi7bBE0nCTO\noe50y9JoNFG3USDcNHEog12YQbdWN9at3NBgGG/iAsFwO1dO68GZE6LhLqbP26Ul\nPdAkC2hArTZIDcS0yJ314LMQ7kYTFZ/zWnrkkSleG3LaXnFqjrzll+cktKlJolke\nUc2BAoIBADtMd7a0okxbNsjdJcmA3a6uAnwk24rqW3rRwLK1c4/9lnP9RbOqjCvE\ngl2e4/+7T6XZX8/F8hRe/28Q1gsx4Bo11oIlgjxB27Upi/eHjUkcEKxomEBiaYuk\nwfu3zV8ksePr5X6k8keAYfqVI8v+x5TN5B7wgf6QWO/Pg7lRa9hLw67xum/8Xha0\n847s1UC6tMCLF/IUvJ+FlQaZRynKamQR8Ovw0jB0ywI/TYOdezuBHZtLAZoK+g3u\nVXaKGBW8S7JbnPF1X9fva1X1KVeWNUY67xN+FjtozeIaG/tfYcl7BaaP1HogjLZd\n/ut0QWZL0kSas5Sq270B4ZM0V100nfUCggEADZi9Ve2/S/wvPUTQrnCqoS0WaMpp\nDf77nN5vajgfj7XUWvyl0rxcZ/x2Yf7eZRGmwK3amZ7Hh9gSZ0iyflwCCH3K4Dsg\nDJvqmTNtBs6MpSnkK0UJuLXyKOWBWlNhLWUp377nOPlNvfHwOWgtYyfR9hOzS9d9\nouDJi1gjUXNvIHgZc8mAzKkaLsHLkT2CP9q0gdn9V4XmASWMBHDa+wBrdArVhI87\nD2KHKCbTzuUj7iIE4BDNRDOfKR2CKSovDCyxqkp8TS6EsMvkEe6HjIOHzvDhLRzU\nWzfGQbmXcpo5UhhmIVi6tgxCdAdHsSTDGoEvx881SK5xKRgU9A/lPPmpJg==\n-----END RSA PRIVATE KEY-----\n",
            "private_key_pem_pkcs8": "-----BEGIN PRIVATE KEY-----\nMIIJQQIBADANBgkqhkiG9w0BAQEFAASCCSswggknAgEAAoICAQDCSfkWDOTsdPKN\nUQqOjTESp3aAuN7qjwPV3NrTh7S80RBsae96WpDDha2JUnWOxYmtazqGclhND7Rt\nexAAAvQdtY23d6gR8ZIN2+b+vmXx/14iPjmEZWZa5XHcS9nYjI7yk43yAjuJtndI\nMZY8xjN8n+Wbmgp+U3DpBqoOPP2MKSeq9IvxW+kutlgTZ+auA8tRXSwZl98OWz0M\nQQ4mGqrhX9BocfiT6gf1gPullwGdWjGnHgMccpGMSHv2EcQEMq1IHr46kEe6fsu9\nVD/jKC/YbjpHkjrCleaKpCxx4gyQ/0T3VX3SSjXmbsCs0hxZzo773PRMvwxIZJDB\no0X3Z7k87J/OVx8pxsEEdtHfE4f2bpAipNB4BM5+wzXa9q/OYoYnERDFSERRPg3x\nTNxUx6JMlUDYMPThPKh09kVcScIr6cHoCHqMIhqrn62K47Zalp/q/FN/1nJHzHOP\nIGRiLaWpVw736ACa2jx/JQgvay5852M9JBgZIB43ihA6OAG0N3dkCVhkIfXBmwvZ\nKMyfgHRJjqFxQ0Bgca4K002h8TkiXTMuTCuZ8B1IF1HoR+tlU0mlHz3QlsiPdyPb\nUnewNflkJjombxSKHYItk46ribPzQeqtiu0cM1VZZecI0IbOr6tITkJOp1JGObD+\n3Ne7aH+YWnTIvlohyz7BKD4QyMemlwIDAQABAoICAA0OU4K70xZgtXvxmjgCHO4X\n+sqjobc5bRSOBtZ4JBkcI3JlnAYo19mLviGgPO4fMCVLM1+dh3mGOKWyw1x81lK4\nxJEzpUOvbBUqVdeAi/E7K+Q5MjxHZB1vlbssDbOTnneGmt9MbxvN+y4KxwHGf+c8\nB33xWAstKEVAgWT7jD5C9btzO4Q4nO7aqgiDzuiasKsDC9eccQzR7MRKCt1cpWcH\nvUWHgyDNdUN2K3LxNtaQHQ4R4jujJ0y6AjqC7x0pGqPiDP56e5d4tdA/PRvSs4Rj\nw97TYMd6s0dVyPbOLfIAdW35fL8I5Z5aivASHn2ad9lM+828eOLUfzXD9wutGLF1\nU9OABAtDztol2LSMkuaxgzwcWMb7aBylG9qWt6RT5e9YvhhOL3NLspFtjsAR0LrO\nugkprMWQZuv+HHhHn8ffLiBfWsL7SmL5Ai8D7Cu+/2Q8WJ3YNgLhiQk6T5v8NU4c\nerTfWilyNKeSAuMy/4Y7u97pBbIq/oWhpF7Yt8k1mB4OJi8PRK5Cb6WiJ511TwLb\nEp74ER9eEmx9TDoWbKQ5hoP0KH4yU4pZkdw9h9Ysa4vvlw5LiQNJU4YQvttyZpCx\nb2w9sqlNQCAfaJsllDJPmYlLQfcORS4s+YzkBpByouGtMG1/oS3LUq954lhKQZET\n15kK37OGgMAcQ8gTaZahAoIBAQDOB2mybDM32NJSNhi3WHmhuwcw24ehpNLnyT5J\n6ASEUJU3XDcNFKLp+Loi5kl5SFcGqRmRR/NKq+e68Ys9dK5tAHkR4ux4pUu2gidg\n6hrefF+XR+xKNBoWyguN3CX5hmeGSRy0T2umPBp9fnHoIpf8G/3ggK0Kuw5xUmRN\nqs6Kd9B//wGio2yjzsHln0PCPjKcLurH1ZKZ1idvqSggs7r8OfEVqbDQvJYIwrdo\na1YjNVk7H8B850PCpEVMAJUTZZPhj8dOrFo7Kai2+PxVu30jrBhhE00YxdxL6jrZ\nmrFwg8t0oKQn2/aFt6/S3ylcRqINq31xXDN1rjnLn9kckMC1AoIBAQDxaZv9x3dh\ncX/DQEHAboq6HnzmxJ1eVSYW61nLHD9QtUPNTFPaeU1rOeM35tYG7CztaQPuJ0bu\nPO+GorumsJI93DLjWALTsmUPsy02WPC2VC9VasfQ1+yhq62yGw0++a/soJM8Hmui\nyh0d+nCsCyAFbif15VyyhyoEZXN/diy+0y+ny3rTvW7TjYmONQ3L5wZROl7MU9Fg\nsOjA1vevHNmmka79g93MRMEbGlzanOiTQ3n6uubLj/vQ7zqhf+4vtr5dTjKmoei9\nSvQIBddNHtU6nsrUGHQtJeaJ1/Vmj8clYkvJACTMRO9pinftuw9WwI6/nCJ3f8SV\n9JdYq+qGN7WbAoIBADD90kR7NjKxfFHQS1BN2Z57utoDWd02NHCpigZJBcnw34qq\nguy5W4QHgTuLRy1v5kHPNCU31sKK3i+2AEY82L1Sv3dhXpnRtI9Ro8uH35vIN3Lh\nx25dtVZ19QlmsCEFtNhZylmWCSMeZ64vwyZQE5P/k/8umfdTQ7vuu6s8UqDanNnS\n6bCi69KH99OCa7pkz+QTxACA6LtsETScJM6h7nTL0mg0UbdRINw0cSiDXZhBt1Y3\n1q3c0GAYb+ICwXA7V07rwZkTouEups/bpSU90CQLaECtNkgNxLTInfXgsxDuRhMV\nn/NaeuSRKV4bctpecWqOvOWX5yS0qUmiWR5RzYECggEAO0x3trSiTFs2yN0lyYDd\nrq4CfCTbiupbetHAsrVzj/2Wc/1Fs6qMK8SCXZ7j/7tPpdlfz8XyFF7/bxDWCzHg\nGjXWgiWCPEHbtSmL94eNSRwQrGiYQGJpi6TB+7fNXySx4+vlfqTyR4Bh+pUjy/7H\nlM3kHvCB/pBY78+DuVFr2EvDrvG6b/xeFrTzjuzVQLq0wIsX8hS8n4WVBplHKcpq\nZBHw6/DSMHTLAj9Ng517O4Edm0sBmgr6De5VdooYFbxLsluc8XVf1+9rVfUpV5Y1\nRjrvE34WO2jN4hob+19hyXsFpo/UeiCMtl3+63RBZkvSRJqzlKrbvQHhkzRXXTSd\n9QKCAQANmL1V7b9L/C89RNCucKqhLRZoymkN/vuc3m9qOB+PtdRa/KXSvFxn/HZh\n/t5lEabArdqZnseH2BJnSLJ+XAIIfcrgOyAMm+qZM20GzoylKeQrRQm4tfIo5YFa\nU2EtZSnfvuc4+U298fA5aC1jJ9H2E7NL132i4MmLWCNRc28geBlzyYDMqRouwcuR\nPYI/2rSB2f1XheYBJYwEcNr7AGt0CtWEjzsPYocoJtPO5SPuIgTgEM1EM58pHYIp\nKi8MLLGqSnxNLoSwy+QR7oeMg4fO8OEtHNRbN8ZBuZdymjlSGGYhWLq2DEJ0B0ex\nJMMagS/HzzVIrnEpGBT0D+U8+akm\n-----END PRIVATE KEY-----\n",
            "public_key_fingerprint_md5": "5d:77:2a:5e:70:fa:2a:81:94:4f:11:d4:b6:79:0a:86",
            "public_key_fingerprint_sha256": "SHA256:yA7BqmHPJgY5ofeVMQsCNRh512f08O4wRa75tr7o/6s",
            "public_key_openssh": "ssh-rsa AAAAB3NzaC1yc2EAAAADAQABAAACAQDCSfkWDOTsdPKNUQqOjTESp3aAuN7qjwPV3NrTh7S80RBsae96WpDDha2JUnWOxYmtazqGclhND7RtexAAAvQdtY23d6gR8ZIN2+b+vmXx/14iPjmEZWZa5XHcS9nYjI7yk43yAjuJtndIMZY8xjN8n+Wbmgp+U3DpBqoOPP2MKSeq9IvxW+kutlgTZ+auA8tRXSwZl98OWz0MQQ4mGqrhX9BocfiT6gf1gPullwGdWjGnHgMccpGMSHv2EcQEMq1IHr46kEe6fsu9VD/jKC/YbjpHkjrCleaKpCxx4gyQ/0T3VX3SSjXmbsCs0hxZzo773PRMvwxIZJDBo0X3Z7k87J/OVx8pxsEEdtHfE4f2bpAipNB4BM5+wzXa9q/OYoYnERDFSERRPg3xTNxUx6JMlUDYMPThPKh09kVcScIr6cHoCHqMIhqrn62K47Zalp/q/FN/1nJHzHOPIGRiLaWpVw736ACa2jx/JQgvay5852M9JBgZIB43ihA6OAG0N3dkCVhkIfXBmwvZKMyfgHRJjqFxQ0Bgca4K002h8TkiXTMuTCuZ8B1IF1HoR+tlU0mlHz3QlsiPdyPbUnewNflkJjombxSKHYItk46ribPzQeqtiu0cM1VZZecI0IbOr6tITkJOp1JGObD+3Ne7aH+YWnTIvlohyz7BKD4QyMemlw==\n",
            "public_key_pem": "-----BEGIN PUBLIC KEY-----\nMIICIjANBgkqhkiG9w0BAQEFAAOCAg8AMIICCgKCAgEAwkn5Fgzk7HTyjVEKjo0x\nEqd2gLje6o8D1dza04e0vNEQbGnvelqQw4WtiVJ1jsWJrWs6hnJYTQ+0bXsQAAL0\nHbWNt3eoEfGSDdvm/r5l8f9eIj45hGVmWuVx3EvZ2IyO8pON8gI7ibZ3SDGWPMYz\nfJ/lm5oKflNw6QaqDjz9jCknqvSL8VvpLrZYE2fmrgPLUV0sGZffDls9DEEOJhqq\n4V/QaHH4k+oH9YD7pZcBnVoxpx4DHHKRjEh79hHEBDKtSB6+OpBHun7LvVQ/4ygv\n2G46R5I6wpXmiqQsceIMkP9E91V90ko15m7ArNIcWc6O+9z0TL8MSGSQwaNF92e5\nPOyfzlcfKcbBBHbR3xOH9m6QIqTQeATOfsM12vavzmKGJxEQxUhEUT4N8UzcVMei\nTJVA2DD04TyodPZFXEnCK+nB6Ah6jCIaq5+tiuO2Wpaf6vxTf9ZyR8xzjyBkYi2l\nqVcO9+gAmto8fyUIL2sufOdjPSQYGSAeN4oQOjgBtDd3ZAlYZCH1wZsL2SjMn4B0\nSY6hcUNAYHGuCtNNofE5Il0zLkwrmfAdSBdR6EfrZVNJpR890JbIj3cj21J3sDX5\nZCY6Jm8Uih2CLZOOq4mz80HqrYrtHDNVWWXnCNCGzq+rSE5CTqdSRjmw/tzXu2h/\nmFp0yL5aIcs+wSg+EMjHppcCAwEAAQ==\n-----END PUBLIC KEY-----\n",
            "rsa_bits": 4096
          },
          "sensitive_attributes": [
            [
              {
                "type": "get_attr",
                "value": "private_key_pem"
              }
            ],
            [
              {
                "type": "get_attr",
                "value": "private_key_pem_pkcs8"
              }
            ],
            [
              {
                "type": "get_attr",
                "value": "private_key_openssh"
              }
            ]
          ]
        }
      ]
    },
    {
      "module": "module.vpc",
      "mode": "managed",
      "type": "aws_eip",
      "name": "main-nat-eip",
      "provider": "provider[\"registry.terraform.io/hashicorp/aws\"]",
      "instances": [
        {
          "index_key": 0,
          "schema_version": 0,
          "attributes": {
            "address": null,
            "allocation_id": "eipalloc-0f99b636eb4faa276",
            "arn": "arn:aws:ec2:eu-central-1:708426825474:elastic-ip/eipalloc-0f99b636eb4faa276",
            "associate_with_private_ip": null,
            "association_id": "",
            "carrier_ip": "",
            "customer_owned_ip": "",
            "customer_owned_ipv4_pool": "",
            "domain": "vpc",
            "id": "eipalloc-0f99b636eb4faa276",
            "instance": "",
            "ipam_pool_id": null,
            "network_border_group": "eu-central-1",
            "network_interface": "",
            "private_dns": null,
            "private_ip": "",
            "ptr_record": "",
            "public_dns": "ec2-63-178-79-2.eu-central-1.compute.amazonaws.com",
            "public_ip": "63.178.79.2",
            "public_ipv4_pool": "amazon",
            "tags": {
              "Owner": "Ioann"
            },
            "tags_all": {
              "Owner": "Ioann"
            },
            "timeouts": null,
            "vpc": true
          },
          "sensitive_attributes": [],
          "private": "eyJlMmJmYjczMC1lY2FhLTExZTYtOGY4OC0zNDM2M2JjN2M0YzAiOnsiZGVsZXRlIjoxODAwMDAwMDAwMDAsInJlYWQiOjkwMDAwMDAwMDAwMCwidXBkYXRlIjozMDAwMDAwMDAwMDB9fQ=="
        }
      ]
    },
    {
      "module": "module.vpc",
      "mode": "managed",
      "type": "aws_internet_gateway",
      "name": "main-igw",
      "provider": "provider[\"registry.terraform.io/hashicorp/aws\"]",
      "instances": [
        {
          "schema_version": 0,
          "attributes": {
            "arn": "arn:aws:ec2:eu-central-1:708426825474:internet-gateway/igw-032300f7cba2e9711",
            "id": "igw-032300f7cba2e9711",
            "owner_id": "708426825474",
            "tags": {
              "Owner": "Ioann"
            },
            "tags_all": {
              "Owner": "Ioann"
            },
            "timeouts": null,
            "vpc_id": "vpc-0e59b6a675966b2cc"
          },
          "sensitive_attributes": [],
          "private": "eyJlMmJmYjczMC1lY2FhLTExZTYtOGY4OC0zNDM2M2JjN2M0YzAiOnsiY3JlYXRlIjoxMjAwMDAwMDAwMDAwLCJkZWxldGUiOjEyMDAwMDAwMDAwMDAsInVwZGF0ZSI6MTIwMDAwMDAwMDAwMH19",
          "dependencies": [
            "module.vpc.aws_vpc.main"
          ]
        }
      ]
    },
    {
      "module": "module.vpc",
      "mode": "managed",
      "type": "aws_nat_gateway",
      "name": "main-ngw",
      "provider": "provider[\"registry.terraform.io/hashicorp/aws\"]",
      "instances": [
        {
          "index_key": 0,
          "schema_version": 0,
          "attributes": {
            "allocation_id": "eipalloc-0f99b636eb4faa276",
            "association_id": "eipassoc-0b86b33ac20592e43",
            "connectivity_type": "public",
            "id": "nat-06eb95d390a8abea0",
            "network_interface_id": "eni-0adb5a839e01f745c",
            "private_ip": "13.0.20.245",
            "public_ip": "63.178.79.2",
            "secondary_allocation_ids": null,
            "secondary_private_ip_address_count": 0,
            "secondary_private_ip_addresses": [],
            "subnet_id": "subnet-048fe36b1898671f8",
            "tags": {
              "Owner": "Ioann"
            },
            "tags_all": {
              "Owner": "Ioann"
            },
            "timeouts": null
          },
          "sensitive_attributes": [],
          "private": "eyJlMmJmYjczMC1lY2FhLTExZTYtOGY4OC0zNDM2M2JjN2M0YzAiOnsiY3JlYXRlIjo2MDAwMDAwMDAwMDAsImRlbGV0ZSI6MTgwMDAwMDAwMDAwMCwidXBkYXRlIjo2MDAwMDAwMDAwMDB9fQ==",
          "dependencies": [
            "module.vpc.aws_eip.main-nat-eip",
            "module.vpc.aws_internet_gateway.main-igw",
            "module.vpc.aws_subnet.main-public",
            "module.vpc.aws_vpc.main"
          ]
        }
      ]
    },
    {
      "module": "module.vpc",
      "mode": "managed",
      "type": "aws_route_table",
      "name": "main-rt-private",
      "provider": "provider[\"registry.terraform.io/hashicorp/aws\"]",
      "instances": [
        {
          "index_key": 0,
          "schema_version": 0,
          "attributes": {
            "arn": "arn:aws:ec2:eu-central-1:708426825474:route-table/rtb-0737c859aeb468638",
            "id": "rtb-0737c859aeb468638",
            "owner_id": "708426825474",
            "propagating_vgws": [],
            "route": [
              {
                "carrier_gateway_id": "",
                "cidr_block": "0.0.0.0/0",
                "core_network_arn": "",
                "destination_prefix_list_id": "",
                "egress_only_gateway_id": "",
                "gateway_id": "nat-06eb95d390a8abea0",
                "ipv6_cidr_block": "",
                "local_gateway_id": "",
                "nat_gateway_id": "",
                "network_interface_id": "",
                "transit_gateway_id": "",
                "vpc_endpoint_id": "",
                "vpc_peering_connection_id": ""
              }
            ],
            "tags": {
              "Owner": "Ioann"
            },
            "tags_all": {
              "Owner": "Ioann"
            },
            "timeouts": null,
            "vpc_id": "vpc-0e59b6a675966b2cc"
          },
          "sensitive_attributes": [],
          "private": "eyJlMmJmYjczMC1lY2FhLTExZTYtOGY4OC0zNDM2M2JjN2M0YzAiOnsiY3JlYXRlIjozMDAwMDAwMDAwMDAsImRlbGV0ZSI6MzAwMDAwMDAwMDAwLCJ1cGRhdGUiOjEyMDAwMDAwMDAwMH19",
          "dependencies": [
            "module.vpc.aws_eip.main-nat-eip",
            "module.vpc.aws_internet_gateway.main-igw",
            "module.vpc.aws_nat_gateway.main-ngw",
            "module.vpc.aws_subnet.main-public",
            "module.vpc.aws_vpc.main"
          ]
        }
      ]
    },
    {
      "module": "module.vpc",
      "mode": "managed",
      "type": "aws_route_table",
      "name": "main-rt-public",
      "provider": "provider[\"registry.terraform.io/hashicorp/aws\"]",
      "instances": [
        {
          "schema_version": 0,
          "attributes": {
            "arn": "arn:aws:ec2:eu-central-1:708426825474:route-table/rtb-06065561dd08b5830",
            "id": "rtb-06065561dd08b5830",
            "owner_id": "708426825474",
            "propagating_vgws": [],
            "route": [
              {
                "carrier_gateway_id": "",
                "cidr_block": "0.0.0.0/0",
                "core_network_arn": "",
                "destination_prefix_list_id": "",
                "egress_only_gateway_id": "",
                "gateway_id": "igw-032300f7cba2e9711",
                "ipv6_cidr_block": "",
                "local_gateway_id": "",
                "nat_gateway_id": "",
                "network_interface_id": "",
                "transit_gateway_id": "",
                "vpc_endpoint_id": "",
                "vpc_peering_connection_id": ""
              }
            ],
            "tags": {
              "Owner": "Ioann"
            },
            "tags_all": {
              "Owner": "Ioann"
            },
            "timeouts": null,
            "vpc_id": "vpc-0e59b6a675966b2cc"
          },
          "sensitive_attributes": [],
          "private": "eyJlMmJmYjczMC1lY2FhLTExZTYtOGY4OC0zNDM2M2JjN2M0YzAiOnsiY3JlYXRlIjozMDAwMDAwMDAwMDAsImRlbGV0ZSI6MzAwMDAwMDAwMDAwLCJ1cGRhdGUiOjEyMDAwMDAwMDAwMH19",
          "dependencies": [
            "module.vpc.aws_internet_gateway.main-igw",
            "module.vpc.aws_vpc.main"
          ]
        }
      ]
    },
    {
      "module": "module.vpc",
      "mode": "managed",
      "type": "aws_route_table_association",
      "name": "main-rt-association-private",
      "provider": "provider[\"registry.terraform.io/hashicorp/aws\"]",
      "instances": [
        {
          "index_key": 0,
          "schema_version": 0,
          "attributes": {
            "gateway_id": "",
            "id": "rtbassoc-05588034f3fdf686b",
            "route_table_id": "rtb-0737c859aeb468638",
            "subnet_id": "subnet-0fb315cd280fa96a9",
            "timeouts": null
          },
          "sensitive_attributes": [],
          "private": "eyJlMmJmYjczMC1lY2FhLTExZTYtOGY4OC0zNDM2M2JjN2M0YzAiOnsiY3JlYXRlIjozMDAwMDAwMDAwMDAsImRlbGV0ZSI6MzAwMDAwMDAwMDAwLCJ1cGRhdGUiOjEyMDAwMDAwMDAwMH19",
          "dependencies": [
            "module.vpc.aws_eip.main-nat-eip",
            "module.vpc.aws_internet_gateway.main-igw",
            "module.vpc.aws_nat_gateway.main-ngw",
            "module.vpc.aws_route_table.main-rt-private",
            "module.vpc.aws_subnet.main-private",
            "module.vpc.aws_subnet.main-public",
            "module.vpc.aws_vpc.main"
          ]
        }
      ]
    },
    {
      "module": "module.vpc",
      "mode": "managed",
      "type": "aws_route_table_association",
      "name": "main-rt-association-public",
      "provider": "provider[\"registry.terraform.io/hashicorp/aws\"]",
      "instances": [
        {
          "index_key": 0,
          "schema_version": 0,
          "attributes": {
            "gateway_id": "",
            "id": "rtbassoc-00057c53cb026c96a",
            "route_table_id": "rtb-06065561dd08b5830",
            "subnet_id": "subnet-048fe36b1898671f8",
            "timeouts": null
          },
          "sensitive_attributes": [],
          "private": "eyJlMmJmYjczMC1lY2FhLTExZTYtOGY4OC0zNDM2M2JjN2M0YzAiOnsiY3JlYXRlIjozMDAwMDAwMDAwMDAsImRlbGV0ZSI6MzAwMDAwMDAwMDAwLCJ1cGRhdGUiOjEyMDAwMDAwMDAwMH19",
          "dependencies": [
            "module.vpc.aws_internet_gateway.main-igw",
            "module.vpc.aws_route_table.main-rt-public",
            "module.vpc.aws_subnet.main-public",
            "module.vpc.aws_vpc.main"
          ]
        }
      ]
    },
    {
      "module": "module.vpc",
      "mode": "managed",
      "type": "aws_subnet",
      "name": "main-private",
      "provider": "provider[\"registry.terraform.io/hashicorp/aws\"]",
      "instances": [
        {
          "index_key": 0,
          "schema_version": 1,
          "attributes": {
            "arn": "arn:aws:ec2:eu-central-1:708426825474:subnet/subnet-0fb315cd280fa96a9",
            "assign_ipv6_address_on_creation": false,
            "availability_zone": "eu-central-1a",
            "availability_zone_id": "euc1-az2",
            "cidr_block": "13.0.21.0/24",
            "customer_owned_ipv4_pool": "",
            "enable_dns64": false,
            "enable_lni_at_device_index": 0,
            "enable_resource_name_dns_a_record_on_launch": false,
            "enable_resource_name_dns_aaaa_record_on_launch": false,
            "id": "subnet-0fb315cd280fa96a9",
            "ipv6_cidr_block": "",
            "ipv6_cidr_block_association_id": "",
            "ipv6_native": false,
            "map_customer_owned_ip_on_launch": false,
            "map_public_ip_on_launch": false,
            "outpost_arn": "",
            "owner_id": "708426825474",
            "private_dns_hostname_type_on_launch": "ip-name",
            "tags": {
              "Name": "ioann Private subnet 0",
              "Owner": "Ioann"
            },
            "tags_all": {
              "Name": "ioann Private subnet 0",
              "Owner": "Ioann"
            },
            "timeouts": null,
            "vpc_id": "vpc-0e59b6a675966b2cc"
          },
          "sensitive_attributes": [],
          "private": "eyJlMmJmYjczMC1lY2FhLTExZTYtOGY4OC0zNDM2M2JjN2M0YzAiOnsiY3JlYXRlIjo2MDAwMDAwMDAwMDAsImRlbGV0ZSI6MTIwMDAwMDAwMDAwMH0sInNjaGVtYV92ZXJzaW9uIjoiMSJ9",
          "dependencies": [
            "module.vpc.aws_vpc.main"
          ]
        }
      ]
    },
    {
      "module": "module.vpc",
      "mode": "managed",
      "type": "aws_subnet",
      "name": "main-public",
      "provider": "provider[\"registry.terraform.io/hashicorp/aws\"]",
      "instances": [
        {
          "index_key": 0,
          "schema_version": 1,
          "attributes": {
            "arn": "arn:aws:ec2:eu-central-1:708426825474:subnet/subnet-048fe36b1898671f8",
            "assign_ipv6_address_on_creation": false,
            "availability_zone": "eu-central-1b",
            "availability_zone_id": "euc1-az3",
            "cidr_block": "13.0.20.0/24",
            "customer_owned_ipv4_pool": "",
            "enable_dns64": false,
            "enable_lni_at_device_index": 0,
            "enable_resource_name_dns_a_record_on_launch": false,
            "enable_resource_name_dns_aaaa_record_on_launch": false,
            "id": "subnet-048fe36b1898671f8",
            "ipv6_cidr_block": "",
            "ipv6_cidr_block_association_id": "",
            "ipv6_native": false,
            "map_customer_owned_ip_on_launch": false,
            "map_public_ip_on_launch": true,
            "outpost_arn": "",
            "owner_id": "708426825474",
            "private_dns_hostname_type_on_launch": "ip-name",
            "tags": {
              "Name": "ioann Public subnet 1",
              "Owner": "Ioann"
            },
            "tags_all": {
              "Name": "ioann Public subnet 1",
              "Owner": "Ioann"
            },
            "timeouts": null,
            "vpc_id": "vpc-0e59b6a675966b2cc"
          },
          "sensitive_attributes": [],
          "private": "eyJlMmJmYjczMC1lY2FhLTExZTYtOGY4OC0zNDM2M2JjN2M0YzAiOnsiY3JlYXRlIjo2MDAwMDAwMDAwMDAsImRlbGV0ZSI6MTIwMDAwMDAwMDAwMH0sInNjaGVtYV92ZXJzaW9uIjoiMSJ9",
          "dependencies": [
            "module.vpc.aws_vpc.main"
          ]
        }
      ]
    },
    {
      "module": "module.vpc",
      "mode": "managed",
      "type": "aws_vpc",
      "name": "main",
      "provider": "provider[\"registry.terraform.io/hashicorp/aws\"]",
      "instances": [
        {
          "schema_version": 1,
          "attributes": {
            "arn": "arn:aws:ec2:eu-central-1:708426825474:vpc/vpc-0e59b6a675966b2cc",
            "assign_generated_ipv6_cidr_block": false,
            "cidr_block": "13.0.0.0/16",
            "default_network_acl_id": "acl-04ac51a337461642f",
            "default_route_table_id": "rtb-05df6d2568d6c2e2b",
            "default_security_group_id": "sg-022dbfdd8a37ba59a",
            "dhcp_options_id": "dopt-03c76c60a5df1cacd",
            "enable_dns_hostnames": false,
            "enable_dns_support": true,
            "enable_network_address_usage_metrics": false,
            "id": "vpc-0e59b6a675966b2cc",
            "instance_tenancy": "default",
            "ipv4_ipam_pool_id": null,
            "ipv4_netmask_length": null,
            "ipv6_association_id": "",
            "ipv6_cidr_block": "",
            "ipv6_cidr_block_network_border_group": "",
            "ipv6_ipam_pool_id": "",
            "ipv6_netmask_length": 0,
            "main_route_table_id": "rtb-05df6d2568d6c2e2b",
            "owner_id": "708426825474",
            "tags": {
              "Name": "ioann-vpc",
              "Owner": "Ioann"
            },
            "tags_all": {
              "Name": "ioann-vpc",
              "Owner": "Ioann"
            }
          },
          "sensitive_attributes": [],
          "private": "eyJzY2hlbWFfdmVyc2lvbiI6IjEifQ=="
        }
      ]
    }
  ],
  "check_results": null
}
